
Microsoft Visual Studio Solution File, Format Version 12.00
# Visual Studio 2013
VisualStudioVersion = 12.0.21126.0
MinimumVisualStudioVersion = 10.0.40219.1
Project("{8BC9CEB8-8B4A-11D0-8D11-00A0C91BC942}") = "Igor", "Igor.vcxproj", "{0D2C1607-C60C-4EC1-9481-B3D9F60AA8AD}"
EndProject
Project("{8BC9CEB8-8B4A-11D0-8D11-00A0C91BC942}") = "libprotobuf", "msvc\google\libprotobuf.vcxproj", "{3E283F37-A4ED-41B7-A3E6-A2D89D131A30}"
EndProject
Project("{8BC9CEB8-8B4A-11D0-8D11-00A0C91BC942}") = "Balau", "Balau\win32\project\Balau.vcxproj", "{6E74C651-E02E-4BEC-ADDB-7E2A79E0F6F7}"
EndProject
Project("{8BC9CEB8-8B4A-11D0-8D11-00A0C91BC942}") = "capstone", "capstone.vcxproj", "{1188EAAB-3A8D-40BA-8043-9A053A01BE43}"
EndProject
Project("{8BC9CEB8-8B4A-11D0-8D11-00A0C91BC942}") = "c-ares", "Balau\win32\project\c-ares.vcxproj", "{4D6AFE58-8573-4F3F-9CB7-EFF38BDC9662}"
EndProject
Project("{2150E333-8FDC-42A3-9474-1A3956D46DE8}") = "Third Party", "Third Party", "{41A44AFD-7691-46CC-BCF3-EE8AB4A1F829}"
EndProject
Project("{2150E333-8FDC-42A3-9474-1A3956D46DE8}") = "Third Party - Balau", "Third Party - Balau", "{1F771FD4-C1C7-4220-89F8-1E0D5069E205}"
EndProject
Project("{8BC9CEB8-8B4A-11D0-8D11-00A0C91BC942}") = "zlib", "Balau\win32\project\zlib.vcxproj", "{C98A6524-5AA7-4FFD-8DDA-679A1016D185}"
EndProject
Project("{8BC9CEB8-8B4A-11D0-8D11-00A0C91BC942}") = "iconv", "Balau\win32\project\iconv.vcxproj", "{AA262ABD-09DF-4573-BF62-81DEA60E196C}"
EndProject
Project("{8BC9CEB8-8B4A-11D0-8D11-00A0C91BC942}") = "pthreads", "Balau\win32\project\pthreads.vcxproj", "{E5B79C22-07B5-4830-8E28-224457C0FDB8}"
EndProject
Project("{8BC9CEB8-8B4A-11D0-8D11-00A0C91BC942}") = "tommath", "Balau\win32\project\tommath.vcxproj", "{0C334D26-6F19-4959-BB14-B4FB81099E99}"
EndProject
Global
	GlobalSection(SolutionConfigurationPlatforms) = preSolution
		Debug|Mixed Platforms = Debug|Mixed Platforms
		Debug|Win32 = Debug|Win32
		Debug|x64 = Debug|x64
		Release|Mixed Platforms = Release|Mixed Platforms
		Release|Win32 = Release|Win32
		Release|x64 = Release|x64
	EndGlobalSection
	GlobalSection(ProjectConfigurationPlatforms) = postSolution
		{0D2C1607-C60C-4EC1-9481-B3D9F60AA8AD}.Debug|Mixed Platforms.ActiveCfg = Debug|Win32
		{0D2C1607-C60C-4EC1-9481-B3D9F60AA8AD}.Debug|Mixed Platforms.Build.0 = Debug|Win32
		{0D2C1607-C60C-4EC1-9481-B3D9F60AA8AD}.Debug|Win32.ActiveCfg = Debug|Win32
		{0D2C1607-C60C-4EC1-9481-B3D9F60AA8AD}.Debug|Win32.Build.0 = Debug|Win32
		{0D2C1607-C60C-4EC1-9481-B3D9F60AA8AD}.Debug|x64.ActiveCfg = Debug|x64
		{0D2C1607-C60C-4EC1-9481-B3D9F60AA8AD}.Debug|x64.Build.0 = Debug|x64
		{0D2C1607-C60C-4EC1-9481-B3D9F60AA8AD}.Release|Mixed Platforms.ActiveCfg = Release|Win32
		{0D2C1607-C60C-4EC1-9481-B3D9F60AA8AD}.Release|Mixed Platforms.Build.0 = Release|Win32
		{0D2C1607-C60C-4EC1-9481-B3D9F60AA8AD}.Release|Win32.ActiveCfg = Release|Win32
		{0D2C1607-C60C-4EC1-9481-B3D9F60AA8AD}.Release|Win32.Build.0 = Release|Win32
		{0D2C1607-C60C-4EC1-9481-B3D9F60AA8AD}.Release|x64.ActiveCfg = Release|x64
		{0D2C1607-C60C-4EC1-9481-B3D9F60AA8AD}.Release|x64.Build.0 = Release|x64
		{3E283F37-A4ED-41B7-A3E6-A2D89D131A30}.Debug|Mixed Platforms.ActiveCfg = Debug|Win32
		{3E283F37-A4ED-41B7-A3E6-A2D89D131A30}.Debug|Mixed Platforms.Build.0 = Debug|Win32
		{3E283F37-A4ED-41B7-A3E6-A2D89D131A30}.Debug|Win32.ActiveCfg = Debug|Win32
		{3E283F37-A4ED-41B7-A3E6-A2D89D131A30}.Debug|Win32.Build.0 = Debug|Win32
		{3E283F37-A4ED-41B7-A3E6-A2D89D131A30}.Debug|x64.ActiveCfg = Debug|x64
		{3E283F37-A4ED-41B7-A3E6-A2D89D131A30}.Debug|x64.Build.0 = Debug|x64
		{3E283F37-A4ED-41B7-A3E6-A2D89D131A30}.Release|Mixed Platforms.ActiveCfg = Release|Win32
		{3E283F37-A4ED-41B7-A3E6-A2D89D131A30}.Release|Mixed Platforms.Build.0 = Release|Win32
		{3E283F37-A4ED-41B7-A3E6-A2D89D131A30}.Release|Win32.ActiveCfg = Release|Win32
		{3E283F37-A4ED-41B7-A3E6-A2D89D131A30}.Release|Win32.Build.0 = Release|Win32
		{3E283F37-A4ED-41B7-A3E6-A2D89D131A30}.Release|x64.ActiveCfg = Release|x64
		{3E283F37-A4ED-41B7-A3E6-A2D89D131A30}.Release|x64.Build.0 = Release|x64
		{6E74C651-E02E-4BEC-ADDB-7E2A79E0F6F7}.Debug|Mixed Platforms.ActiveCfg = Debug|Win32
		{6E74C651-E02E-4BEC-ADDB-7E2A79E0F6F7}.Debug|Mixed Platforms.Build.0 = Debug|Win32
		{6E74C651-E02E-4BEC-ADDB-7E2A79E0F6F7}.Debug|Win32.ActiveCfg = Debug|Win32
		{6E74C651-E02E-4BEC-ADDB-7E2A79E0F6F7}.Debug|Win32.Build.0 = Debug|Win32
		{6E74C651-E02E-4BEC-ADDB-7E2A79E0F6F7}.Debug|x64.ActiveCfg = Debug|x64
		{6E74C651-E02E-4BEC-ADDB-7E2A79E0F6F7}.Debug|x64.Build.0 = Debug|x64
		{6E74C651-E02E-4BEC-ADDB-7E2A79E0F6F7}.Release|Mixed Platforms.ActiveCfg = Release|Win32
		{6E74C651-E02E-4BEC-ADDB-7E2A79E0F6F7}.Release|Mixed Platforms.Build.0 = Release|Win32
		{6E74C651-E02E-4BEC-ADDB-7E2A79E0F6F7}.Release|Win32.ActiveCfg = Release|Win32
		{6E74C651-E02E-4BEC-ADDB-7E2A79E0F6F7}.Release|Win32.Build.0 = Release|Win32
		{6E74C651-E02E-4BEC-ADDB-7E2A79E0F6F7}.Release|x64.ActiveCfg = Release|x64
		{6E74C651-E02E-4BEC-ADDB-7E2A79E0F6F7}.Release|x64.Build.0 = Release|x64
		{1188EAAB-3A8D-40BA-8043-9A053A01BE43}.Debug|Mixed Platforms.ActiveCfg = Debug|Win32
		{1188EAAB-3A8D-40BA-8043-9A053A01BE43}.Debug|Mixed Platforms.Build.0 = Debug|Win32
		{1188EAAB-3A8D-40BA-8043-9A053A01BE43}.Debug|Win32.ActiveCfg = Debug|Win32
		{1188EAAB-3A8D-40BA-8043-9A053A01BE43}.Debug|Win32.Build.0 = Debug|Win32
		{1188EAAB-3A8D-40BA-8043-9A053A01BE43}.Debug|x64.ActiveCfg = Debug|x64
		{1188EAAB-3A8D-40BA-8043-9A053A01BE43}.Debug|x64.Build.0 = Debug|x64
		{1188EAAB-3A8D-40BA-8043-9A053A01BE43}.Release|Mixed Platforms.ActiveCfg = Release|Win32
		{1188EAAB-3A8D-40BA-8043-9A053A01BE43}.Release|Mixed Platforms.Build.0 = Release|Win32
		{1188EAAB-3A8D-40BA-8043-9A053A01BE43}.Release|Win32.ActiveCfg = Release|Win32
		{1188EAAB-3A8D-40BA-8043-9A053A01BE43}.Release|Win32.Build.0 = Release|Win32
		{1188EAAB-3A8D-40BA-8043-9A053A01BE43}.Release|x64.ActiveCfg = Release|x64
		{1188EAAB-3A8D-40BA-8043-9A053A01BE43}.Release|x64.Build.0 = Release|x64
		{4D6AFE58-8573-4F3F-9CB7-EFF38BDC9662}.Debug|Mixed Platforms.ActiveCfg = Debug|Win32
		{4D6AFE58-8573-4F3F-9CB7-EFF38BDC9662}.Debug|Mixed Platforms.Build.0 = Debug|Win32
		{4D6AFE58-8573-4F3F-9CB7-EFF38BDC9662}.Debug|Win32.ActiveCfg = Debug|Win32
		{4D6AFE58-8573-4F3F-9CB7-EFF38BDC9662}.Debug|Win32.Build.0 = Debug|Win32
		{4D6AFE58-8573-4F3F-9CB7-EFF38BDC9662}.Debug|x64.ActiveCfg = Debug|x64
		{4D6AFE58-8573-4F3F-9CB7-EFF38BDC9662}.Debug|x64.Build.0 = Debug|x64
		{4D6AFE58-8573-4F3F-9CB7-EFF38BDC9662}.Release|Mixed Platforms.ActiveCfg = Release|Win32
		{4D6AFE58-8573-4F3F-9CB7-EFF38BDC9662}.Release|Mixed Platforms.Build.0 = Release|Win32
		{4D6AFE58-8573-4F3F-9CB7-EFF38BDC9662}.Release|Win32.ActiveCfg = Release|Win32
		{4D6AFE58-8573-4F3F-9CB7-EFF38BDC9662}.Release|Win32.Build.0 = Release|Win32
		{4D6AFE58-8573-4F3F-9CB7-EFF38BDC9662}.Release|x64.ActiveCfg = Release|x64
		{4D6AFE58-8573-4F3F-9CB7-EFF38BDC9662}.Release|x64.Build.0 = Release|x64
		{C98A6524-5AA7-4FFD-8DDA-679A1016D185}.Debug|Mixed Platforms.ActiveCfg = Debug|Win32
		{C98A6524-5AA7-4FFD-8DDA-679A1016D185}.Debug|Mixed Platforms.Build.0 = Debug|Win32
		{C98A6524-5AA7-4FFD-8DDA-679A1016D185}.Debug|Win32.ActiveCfg = Debug|Win32
		{C98A6524-5AA7-4FFD-8DDA-679A1016D185}.Debug|Win32.Build.0 = Debug|Win32
		{C98A6524-5AA7-4FFD-8DDA-679A1016D185}.Debug|x64.ActiveCfg = Debug|x64
		{C98A6524-5AA7-4FFD-8DDA-679A1016D185}.Debug|x64.Build.0 = Debug|x64
		{C98A6524-5AA7-4FFD-8DDA-679A1016D185}.Release|Mixed Platforms.ActiveCfg = Release|Win32
		{C98A6524-5AA7-4FFD-8DDA-679A1016D185}.Release|Mixed Platforms.Build.0 = Release|Win32
		{C98A6524-5AA7-4FFD-8DDA-679A1016D185}.Release|Win32.ActiveCfg = Release|Win32
		{C98A6524-5AA7-4FFD-8DDA-679A1016D185}.Release|Win32.Build.0 = Release|Win32
		{C98A6524-5AA7-4FFD-8DDA-679A1016D185}.Release|x64.ActiveCfg = Release|x64
		{C98A6524-5AA7-4FFD-8DDA-679A1016D185}.Release|x64.Build.0 = Release|x64
		{AA262ABD-09DF-4573-BF62-81DEA60E196C}.Debug|Mixed Platforms.ActiveCfg = Debug|Win32
		{AA262ABD-09DF-4573-BF62-81DEA60E196C}.Debug|Mixed Platforms.Build.0 = Debug|Win32
		{AA262ABD-09DF-4573-BF62-81DEA60E196C}.Debug|Win32.ActiveCfg = Debug|Win32
		{AA262ABD-09DF-4573-BF62-81DEA60E196C}.Debug|Win32.Build.0 = Debug|Win32
		{AA262ABD-09DF-4573-BF62-81DEA60E196C}.Debug|x64.ActiveCfg = Debug|x64
		{AA262ABD-09DF-4573-BF62-81DEA60E196C}.Debug|x64.Build.0 = Debug|x64
		{AA262ABD-09DF-4573-BF62-81DEA60E196C}.Release|Mixed Platforms.ActiveCfg = Release|Win32
		{AA262ABD-09DF-4573-BF62-81DEA60E196C}.Release|Mixed Platforms.Build.0 = Release|Win32
		{AA262ABD-09DF-4573-BF62-81DEA60E196C}.Release|Win32.ActiveCfg = Release|Win32
		{AA262ABD-09DF-4573-BF62-81DEA60E196C}.Release|Win32.Build.0 = Release|Win32
		{AA262ABD-09DF-4573-BF62-81DEA60E196C}.Release|x64.ActiveCfg = Release|x64
		{AA262ABD-09DF-4573-BF62-81DEA60E196C}.Release|x64.Build.0 = Release|x64
		{E5B79C22-07B5-4830-8E28-224457C0FDB8}.Debug|Mixed Platforms.ActiveCfg = Debug|Win32
		{E5B79C22-07B5-4830-8E28-224457C0FDB8}.Debug|Mixed Platforms.Build.0 = Debug|Win32
		{E5B79C22-07B5-4830-8E28-224457C0FDB8}.Debug|Win32.ActiveCfg = Debug|Win32
		{E5B79C22-07B5-4830-8E28-224457C0FDB8}.Debug|Win32.Build.0 = Debug|Win32
		{E5B79C22-07B5-4830-8E28-224457C0FDB8}.Debug|x64.ActiveCfg = Debug|x64
		{E5B79C22-07B5-4830-8E28-224457C0FDB8}.Debug|x64.Build.0 = Debug|x64
		{E5B79C22-07B5-4830-8E28-224457C0FDB8}.Release|Mixed Platforms.ActiveCfg = Release|Win32
		{E5B79C22-07B5-4830-8E28-224457C0FDB8}.Release|Mixed Platforms.Build.0 = Release|Win32
		{E5B79C22-07B5-4830-8E28-224457C0FDB8}.Release|Win32.ActiveCfg = Release|Win32
		{E5B79C22-07B5-4830-8E28-224457C0FDB8}.Release|Win32.Build.0 = Release|Win32
		{E5B79C22-07B5-4830-8E28-224457C0FDB8}.Release|x64.ActiveCfg = Release|x64
		{E5B79C22-07B5-4830-8E28-224457C0FDB8}.Release|x64.Build.0 = Release|x64
		{0C334D26-6F19-4959-BB14-B4FB81099E99}.Debug|Mixed Platforms.ActiveCfg = Debug|Win32
		{0C334D26-6F19-4959-BB14-B4FB81099E99}.Debug|Mixed Platforms.Build.0 = Debug|Win32
		{0C334D26-6F19-4959-BB14-B4FB81099E99}.Debug|Win32.ActiveCfg = Debug|Win32
		{0C334D26-6F19-4959-BB14-B4FB81099E99}.Debug|Win32.Build.0 = Debug|Win32
		{0C334D26-6F19-4959-BB14-B4FB81099E99}.Debug|x64.ActiveCfg = Debug|x64
		{0C334D26-6F19-4959-BB14-B4FB81099E99}.Debug|x64.Build.0 = Debug|x64
		{0C334D26-6F19-4959-BB14-B4FB81099E99}.Release|Mixed Platforms.ActiveCfg = Release|Win32
		{0C334D26-6F19-4959-BB14-B4FB81099E99}.Release|Mixed Platforms.Build.0 = Release|Win32
		{0C334D26-6F19-4959-BB14-B4FB81099E99}.Release|Win32.ActiveCfg = Release|Win32
		{0C334D26-6F19-4959-BB14-B4FB81099E99}.Release|Win32.Build.0 = Release|Win32
		{0C334D26-6F19-4959-BB14-B4FB81099E99}.Release|x64.ActiveCfg = Release|x64
		{0C334D26-6F19-4959-BB14-B4FB81099E99}.Release|x64.Build.0 = Release|x64
	EndGlobalSection
	GlobalSection(SolutionProperties) = preSolution
		HideSolutionNode = FALSE
	EndGlobalSection
	GlobalSection(NestedProjects) = preSolution
		{1188EAAB-3A8D-40BA-8043-9A053A01BE43} = {41A44AFD-7691-46CC-BCF3-EE8AB4A1F829}
		{3E283F37-A4ED-41B7-A3E6-A2D89D131A30} = {41A44AFD-7691-46CC-BCF3-EE8AB4A1F829}
		{4D6AFE58-8573-4F3F-9CB7-EFF38BDC9662} = {1F771FD4-C1C7-4220-89F8-1E0D5069E205}
		{C98A6524-5AA7-4FFD-8DDA-679A1016D185} = {1F771FD4-C1C7-4220-89F8-1E0D5069E205}
		{AA262ABD-09DF-4573-BF62-81DEA60E196C} = {1F771FD4-C1C7-4220-89F8-1E0D5069E205}
		{E5B79C22-07B5-4830-8E28-224457C0FDB8} = {1F771FD4-C1C7-4220-89F8-1E0D5069E205}
		{0C334D26-6F19-4959-BB14-B4FB81099E99} = {1F771FD4-C1C7-4220-89F8-1E0D5069E205}
	EndGlobalSection
EndGlobal
