<?xml version="1.0" encoding="utf-8"?>
<Project ToolsVersion="4.0" xmlns="http://schemas.microsoft.com/developer/msbuild/2003">
  <ItemGroup>
    <Filter Include="Resource Files">
      <UniqueIdentifier>{67DA6AB6-F800-4c08-8B7A-83BB121AAD01}</UniqueIdentifier>
      <Extensions>rc;ico;cur;bmp;dlg;rc2;rct;bin;rgs;gif;jpg;jpeg;jpe;resx;tiff;tif;png;wav;mfcribbon-ms</Extensions>
    </Filter>
    <Filter Include="Balau">
      <UniqueIdentifier>{b9a21c6f-dab1-45d6-8107-c29b47e404d0}</UniqueIdentifier>
    </Filter>
    <Filter Include="wxIgor">
      <UniqueIdentifier>{592a8b91-cabc-44f3-81e6-ef2e2a2d7982}</UniqueIdentifier>
    </Filter>
    <Filter Include="Igor">
      <UniqueIdentifier>{4FC737F1-C7A5-4376-A066-2A32D752A2FF}</UniqueIdentifier>
      <Extensions>cpp;c;cc;cxx;def;odl;idl;hpj;bat;asm;asmx</Extensions>
    </Filter>
    <Filter Include="Igor\cpu">
      <UniqueIdentifier>{5ff300d1-7566-473f-99ec-e39d70c5e380}</UniqueIdentifier>
    </Filter>
    <Filter Include="Igor\cpu\x86">
      <UniqueIdentifier>{a5800d68-f4f9-4529-9786-03d938764855}</UniqueIdentifier>
    </Filter>
    <Filter Include="Igor\PDB">
      <UniqueIdentifier>{474a74c8-3b96-4707-ae70-cb493080acc9}</UniqueIdentifier>
    </Filter>
    <Filter Include="Igor\protobufs">
      <UniqueIdentifier>{8d5502bf-3ad5-4ba7-ab21-d41d15a6a9b1}</UniqueIdentifier>
    </Filter>
    <Filter Include="Igor\protobufs\generated">
      <UniqueIdentifier>{12d5a56a-c81e-4bb9-b6b4-456e9ef44100}</UniqueIdentifier>
    </Filter>
    <Filter Include="Igor\Loaders">
      <UniqueIdentifier>{27deeb22-ed25-4a41-8e0a-635ea8dd207c}</UniqueIdentifier>
    </Filter>
    <Filter Include="Igor\Loaders\PE">
      <UniqueIdentifier>{cd0db3df-bbaf-423c-8b1d-16459479d4d5}</UniqueIdentifier>
    </Filter>
    <Filter Include="Igor\Loaders\Elf">
      <UniqueIdentifier>{b309b213-6c1b-42e0-ae69-fcf9a3992615}</UniqueIdentifier>
    </Filter>
  </ItemGroup>
  <ItemGroup>
    <ClCompile Include="src\Igor.cpp">
      <Filter>Igor</Filter>
    </ClCompile>
    <ClCompile Include="src\IgorAnalysis.cpp">
      <Filter>Igor</Filter>
    </ClCompile>
    <ClCompile Include="src\IgorDatabase.cpp">
      <Filter>Igor</Filter>
    </ClCompile>
    <ClCompile Include="src\IgorSection.cpp">
      <Filter>Igor</Filter>
    </ClCompile>
    <ClCompile Include="src\cpu\x86\cpu_x86.cpp">
      <Filter>Igor\cpu\x86</Filter>
    </ClCompile>
    <ClCompile Include="src\cpu\x86\cpu_x86_opcodes.cpp">
      <Filter>Igor\cpu\x86</Filter>
    </ClCompile>
    <ClCompile Include="src\IgorHttp.cpp">
      <Filter>Igor</Filter>
    </ClCompile>
    <ClCompile Include="src\cpu\x86\cpu_x86_opcodes_F.cpp">
      <Filter>Igor\cpu\x86</Filter>
    </ClCompile>
    <ClCompile Include="wxIgor\wxIgorApp.cpp">
      <Filter>wxIgor</Filter>
    </ClCompile>
    <ClCompile Include="wxIgor\wxAsmWidget.cpp">
      <Filter>wxIgor</Filter>
    </ClCompile>
    <ClCompile Include="wxIgor\wxIgorFrame.cpp">
      <Filter>wxIgor</Filter>
    </ClCompile>
    <ClCompile Include="src\IgorWS.cpp">
      <Filter>Igor</Filter>
    </ClCompile>
    <ClCompile Include="src\IgorUtils.cpp">
      <Filter>Igor</Filter>
    </ClCompile>
    <ClCompile Include="wxIgor\stdafx.cpp">
      <Filter>wxIgor</Filter>
    </ClCompile>
    <ClCompile Include="src\PDB\msf.cpp">
      <Filter>Igor\PDB</Filter>
    </ClCompile>
    <ClCompile Include="src\PDB\pdb.cpp">
      <Filter>Igor\PDB</Filter>
    </ClCompile>
    <ClCompile Include="src\PDB\gsi.cpp">
      <Filter>Igor\PDB</Filter>
    </ClCompile>
    <ClCompile Include="src\PDB\tpi.cpp">
      <Filter>Igor\PDB</Filter>
    </ClCompile>
    <ClCompile Include="src\PDB\sym.cpp">
      <Filter>Igor\PDB</Filter>
    </ClCompile>
    <ClCompile Include="src\protobufs\IgorProtoFile.pb.cc">
      <Filter>Igor\protobufs\generated</Filter>
    </ClCompile>
    <ClCompile Include="src\IgorLocalSession.cpp">
      <Filter>Igor</Filter>
    </ClCompile>
    <ClCompile Include="src\IgorSession.cpp">
      <Filter>Igor</Filter>
    </ClCompile>
    <ClCompile Include="src\cpu\cpuModule.cpp">
      <Filter>Igor\cpu</Filter>
    </ClCompile>
    <ClCompile Include="src\Loaders\Elf\elfLoader.cpp">
      <Filter>Igor\Loaders\Elf</Filter>
    </ClCompile>
    <ClCompile Include="src\Loaders\PE\PELoader.cpp">
      <Filter>Igor\Loaders\PE</Filter>
    </ClCompile>
  </ItemGroup>
  <ItemGroup>
    <ClInclude Include="src\Igor.h">
      <Filter>Igor</Filter>
    </ClInclude>
    <ClInclude Include="src\IgorAnalysis.h">
      <Filter>Igor</Filter>
    </ClInclude>
    <ClInclude Include="src\IgorAPI.h">
      <Filter>Igor</Filter>
    </ClInclude>
    <ClInclude Include="src\IgorDatabase.h">
      <Filter>Igor</Filter>
    </ClInclude>
    <ClInclude Include="src\IgorSection.h">
      <Filter>Igor</Filter>
    </ClInclude>
    <ClInclude Include="src\cpu\x86\cpu_x86.h">
      <Filter>Igor\cpu\x86</Filter>
    </ClInclude>
    <ClInclude Include="src\cpu\cpuModule.h">
      <Filter>Igor\cpu</Filter>
    </ClInclude>
    <ClInclude Include="src\cpu\x86\cpu_x86_opcodes.h">
      <Filter>Igor\cpu\x86</Filter>
    </ClInclude>
    <ClInclude Include="src\IgorHttp.h">
      <Filter>Igor</Filter>
    </ClInclude>
    <ClInclude Include="wxIgor\wxIgorApp.h">
      <Filter>wxIgor</Filter>
    </ClInclude>
    <ClInclude Include="wxIgor\wxIgorShared.h">
      <Filter>wxIgor</Filter>
    </ClInclude>
    <ClInclude Include="wxIgor\wxAsmWidget.h">
      <Filter>wxIgor</Filter>
    </ClInclude>
    <ClInclude Include="wxIgor\wxIgorFrame.h">
      <Filter>wxIgor</Filter>
    </ClInclude>
    <ClInclude Include="src\IgorUtils.h">
      <Filter>Igor</Filter>
    </ClInclude>
    <ClInclude Include="wxIgor\stdafx.h">
      <Filter>wxIgor</Filter>
    </ClInclude>
    <ClInclude Include="src\PDB\msf.h">
      <Filter>Igor\PDB</Filter>
    </ClInclude>
    <ClInclude Include="src\PDB\pdb.h">
      <Filter>Igor\PDB</Filter>
    </ClInclude>
    <ClInclude Include="src\PDB\pdb_info.h">
      <Filter>Igor\PDB</Filter>
    </ClInclude>
    <ClInclude Include="src\PDB\gsi.h">
      <Filter>Igor\PDB</Filter>
    </ClInclude>
    <ClInclude Include="src\PDB\tpi.h">
      <Filter>Igor\PDB</Filter>
    </ClInclude>
    <ClInclude Include="src\PDB\sym.h">
      <Filter>Igor\PDB</Filter>
    </ClInclude>
    <ClInclude Include="src\protobufs\IgorProtoFile.pb.h">
      <Filter>Igor\protobufs\generated</Filter>
    </ClInclude>
    <ClInclude Include="src\IgorLocalSession.h">
      <Filter>Igor</Filter>
    </ClInclude>
    <ClInclude Include="src\IgorSession.h">
      <Filter>Igor</Filter>
    </ClInclude>
    <ClInclude Include="resource.h" />
    <ClInclude Include="src\IgorMemory.h">
      <Filter>Igor</Filter>
    </ClInclude>
    <ClInclude Include="src\Loaders\Elf\elfLoader.h">
      <Filter>Igor\Loaders\Elf</Filter>
    </ClInclude>
    <ClInclude Include="src\Loaders\PE\PELoader.h">
      <Filter>Igor\Loaders\PE</Filter>
    </ClInclude>
  </ItemGroup>
  <ItemGroup>
    <CustomBuild Include="src\protobufs\IgorProtoFile.proto">
      <Filter>Igor\protobufs</Filter>
    </CustomBuild>
  </ItemGroup>
  <ItemGroup>
    <ResourceCompile Include="wxIgor\wxIgor.rc">
      <Filter>Resource Files</Filter>
    </ResourceCompile>
  </ItemGroup>
</Project>