<?xml version="1.0" encoding="utf-8"?>
<Project ToolsVersion="4.0" xmlns="http://schemas.microsoft.com/developer/msbuild/2003">
  <ItemGroup>
    <Filter Include="wxIgor">
      <UniqueIdentifier>{592a8b91-cabc-44f3-81e6-ef2e2a2d7982}</UniqueIdentifier>
    </Filter>
    <Filter Include="Igor">
      <UniqueIdentifier>{4FC737F1-C7A5-4376-A066-2A32D752A2FF}</UniqueIdentifier>
      <Extensions>cpp;c;cc;cxx;def;odl;idl;hpj;bat;asm;asmx</Extensions>
    </Filter>
    <Filter Include="Igor\cpu">
      <UniqueIdentifier>{5ff300d1-7566-473f-99ec-e39d70c5e380}</UniqueIdentifier>
    </Filter>
    <Filter Include="Igor\cpu\x86">
      <UniqueIdentifier>{a5800d68-f4f9-4529-9786-03d938764855}</UniqueIdentifier>
    </Filter>
    <Filter Include="Igor\PDB">
      <UniqueIdentifier>{474a74c8-3b96-4707-ae70-cb493080acc9}</UniqueIdentifier>
    </Filter>
    <Filter Include="Igor\protobufs">
      <UniqueIdentifier>{8d5502bf-3ad5-4ba7-ab21-d41d15a6a9b1}</UniqueIdentifier>
    </Filter>
    <Filter Include="Igor\protobufs\generated">
      <UniqueIdentifier>{12d5a56a-c81e-4bb9-b6b4-456e9ef44100}</UniqueIdentifier>
    </Filter>
    <Filter Include="Igor\Loaders">
      <UniqueIdentifier>{27deeb22-ed25-4a41-8e0a-635ea8dd207c}</UniqueIdentifier>
    </Filter>
    <Filter Include="Igor\Loaders\PE">
      <UniqueIdentifier>{cd0db3df-bbaf-423c-8b1d-16459479d4d5}</UniqueIdentifier>
    </Filter>
    <Filter Include="Igor\Loaders\Elf">
      <UniqueIdentifier>{b309b213-6c1b-42e0-ae69-fcf9a3992615}</UniqueIdentifier>
    </Filter>
    <Filter Include="Third Party">
      <UniqueIdentifier>{d24f27d4-cc9f-4b03-b232-f6374efa10f2}</UniqueIdentifier>
    </Filter>
    <Filter Include="Third Party\wxWidgets">
      <UniqueIdentifier>{6cb68565-b861-4689-bcdc-bd6b2f0e8511}</UniqueIdentifier>
    </Filter>
    <Filter Include="Third Party\wxWidgets\includes">
      <UniqueIdentifier>{94a955cd-ec47-4b01-b3c2-0fe598f3853f}</UniqueIdentifier>
    </Filter>
    <Filter Include="wxIgor\Resource Files">
      <UniqueIdentifier>{67DA6AB6-F800-4c08-8B7A-83BB121AAD01}</UniqueIdentifier>
      <Extensions>rc;ico;cur;bmp;dlg;rc2;rct;bin;rgs;gif;jpg;jpeg;jpe;resx;tiff;tif;png;wav;mfcribbon-ms</Extensions>
    </Filter>
    <Filter Include="Igor\Loaders\Dmp">
      <UniqueIdentifier>{c413d817-f1d5-4ee7-a4dc-78f463f8c6be}</UniqueIdentifier>
    </Filter>
    <Filter Include="Igor\cpu\x86_llvm">
      <UniqueIdentifier>{3167b557-1dc7-47a5-a32f-c49f646bc276}</UniqueIdentifier>
    </Filter>
  </ItemGroup>
  <ItemGroup>
    <ClCompile Include="src\Igor.cpp">
      <Filter>Igor</Filter>
    </ClCompile>
    <ClCompile Include="src\IgorAnalysis.cpp">
      <Filter>Igor</Filter>
    </ClCompile>
    <ClCompile Include="src\IgorDatabase.cpp">
      <Filter>Igor</Filter>
    </ClCompile>
    <ClCompile Include="src\IgorSection.cpp">
      <Filter>Igor</Filter>
    </ClCompile>
    <ClCompile Include="src\cpu\x86\cpu_x86.cpp">
      <Filter>Igor\cpu\x86</Filter>
    </ClCompile>
    <ClCompile Include="src\cpu\x86\cpu_x86_opcodes.cpp">
      <Filter>Igor\cpu\x86</Filter>
    </ClCompile>
    <ClCompile Include="src\IgorHttp.cpp">
      <Filter>Igor</Filter>
    </ClCompile>
    <ClCompile Include="src\cpu\x86\cpu_x86_opcodes_F.cpp">
      <Filter>Igor\cpu\x86</Filter>
    </ClCompile>
    <ClCompile Include="wxIgor\wxIgorApp.cpp">
      <Filter>wxIgor</Filter>
    </ClCompile>
    <ClCompile Include="wxIgor\wxAsmWidget.cpp">
      <Filter>wxIgor</Filter>
    </ClCompile>
    <ClCompile Include="wxIgor\wxIgorFrame.cpp">
      <Filter>wxIgor</Filter>
    </ClCompile>
    <ClCompile Include="src\IgorWS.cpp">
      <Filter>Igor</Filter>
    </ClCompile>
    <ClCompile Include="src\IgorUtils.cpp">
      <Filter>Igor</Filter>
    </ClCompile>
    <ClCompile Include="wxIgor\stdafx.cpp">
      <Filter>wxIgor</Filter>
    </ClCompile>
    <ClCompile Include="src\PDB\msf.cpp">
      <Filter>Igor\PDB</Filter>
    </ClCompile>
    <ClCompile Include="src\PDB\pdb.cpp">
      <Filter>Igor\PDB</Filter>
    </ClCompile>
    <ClCompile Include="src\PDB\gsi.cpp">
      <Filter>Igor\PDB</Filter>
    </ClCompile>
    <ClCompile Include="src\PDB\tpi.cpp">
      <Filter>Igor\PDB</Filter>
    </ClCompile>
    <ClCompile Include="src\PDB\sym.cpp">
      <Filter>Igor\PDB</Filter>
    </ClCompile>
    <ClCompile Include="src\protobufs\IgorProtoFile.pb.cc">
      <Filter>Igor\protobufs\generated</Filter>
    </ClCompile>
    <ClCompile Include="src\IgorLocalSession.cpp">
      <Filter>Igor</Filter>
    </ClCompile>
    <ClCompile Include="src\IgorSession.cpp">
      <Filter>Igor</Filter>
    </ClCompile>
    <ClCompile Include="src\cpu\cpuModule.cpp">
      <Filter>Igor\cpu</Filter>
    </ClCompile>
    <ClCompile Include="src\Loaders\Elf\elfLoader.cpp">
      <Filter>Igor\Loaders\Elf</Filter>
    </ClCompile>
    <ClCompile Include="src\Loaders\PE\PELoader.cpp">
      <Filter>Igor\Loaders\PE</Filter>
    </ClCompile>
    <ClCompile Include="src\IgorSqlite.cpp">
      <Filter>Igor</Filter>
    </ClCompile>
    <ClCompile Include="src\IgorUsers.cpp">
      <Filter>Igor</Filter>
    </ClCompile>
    <ClCompile Include="wxIgor\wxManageUsers.cpp">
      <Filter>wxIgor</Filter>
    </ClCompile>
    <ClCompile Include="src\IgorHttpSession.cpp">
      <Filter>Igor</Filter>
    </ClCompile>
    <ClCompile Include="src\Loaders\Dmp\dmpLoader.cpp">
      <Filter>Igor\Loaders\Dmp</Filter>
    </ClCompile>
    <ClCompile Include="src\IgorLLVM.cpp">
      <Filter>Igor</Filter>
    </ClCompile>
    <ClCompile Include="src\cpu\x86_llvm\cpu_x86_llvm.cpp">
      <Filter>Igor\cpu\x86_llvm</Filter>
    </ClCompile>
  </ItemGroup>
  <ItemGroup>
    <ClInclude Include="src\Igor.h">
      <Filter>Igor</Filter>
    </ClInclude>
    <ClInclude Include="src\IgorAnalysis.h">
      <Filter>Igor</Filter>
    </ClInclude>
    <ClInclude Include="src\IgorAPI.h">
      <Filter>Igor</Filter>
    </ClInclude>
    <ClInclude Include="src\IgorDatabase.h">
      <Filter>Igor</Filter>
    </ClInclude>
    <ClInclude Include="src\IgorSection.h">
      <Filter>Igor</Filter>
    </ClInclude>
    <ClInclude Include="src\cpu\x86\cpu_x86.h">
      <Filter>Igor\cpu\x86</Filter>
    </ClInclude>
    <ClInclude Include="src\cpu\cpuModule.h">
      <Filter>Igor\cpu</Filter>
    </ClInclude>
    <ClInclude Include="src\cpu\x86\cpu_x86_opcodes.h">
      <Filter>Igor\cpu\x86</Filter>
    </ClInclude>
    <ClInclude Include="src\IgorHttp.h">
      <Filter>Igor</Filter>
    </ClInclude>
    <ClInclude Include="wxIgor\wxIgorApp.h">
      <Filter>wxIgor</Filter>
    </ClInclude>
    <ClInclude Include="wxIgor\wxIgorShared.h">
      <Filter>wxIgor</Filter>
    </ClInclude>
    <ClInclude Include="wxIgor\wxAsmWidget.h">
      <Filter>wxIgor</Filter>
    </ClInclude>
    <ClInclude Include="wxIgor\wxIgorFrame.h">
      <Filter>wxIgor</Filter>
    </ClInclude>
    <ClInclude Include="src\IgorUtils.h">
      <Filter>Igor</Filter>
    </ClInclude>
    <ClInclude Include="wxIgor\stdafx.h">
      <Filter>wxIgor</Filter>
    </ClInclude>
    <ClInclude Include="src\PDB\msf.h">
      <Filter>Igor\PDB</Filter>
    </ClInclude>
    <ClInclude Include="src\PDB\pdb.h">
      <Filter>Igor\PDB</Filter>
    </ClInclude>
    <ClInclude Include="src\PDB\pdb_info.h">
      <Filter>Igor\PDB</Filter>
    </ClInclude>
    <ClInclude Include="src\PDB\gsi.h">
      <Filter>Igor\PDB</Filter>
    </ClInclude>
    <ClInclude Include="src\PDB\tpi.h">
      <Filter>Igor\PDB</Filter>
    </ClInclude>
    <ClInclude Include="src\PDB\sym.h">
      <Filter>Igor\PDB</Filter>
    </ClInclude>
    <ClInclude Include="src\protobufs\IgorProtoFile.pb.h">
      <Filter>Igor\protobufs\generated</Filter>
    </ClInclude>
    <ClInclude Include="src\IgorLocalSession.h">
      <Filter>Igor</Filter>
    </ClInclude>
    <ClInclude Include="src\IgorSession.h">
      <Filter>Igor</Filter>
    </ClInclude>
    <ClInclude Include="src\IgorMemory.h">
      <Filter>Igor</Filter>
    </ClInclude>
    <ClInclude Include="src\Loaders\Elf\elfLoader.h">
      <Filter>Igor\Loaders\Elf</Filter>
    </ClInclude>
    <ClInclude Include="src\Loaders\PE\PELoader.h">
      <Filter>Igor\Loaders\PE</Filter>
    </ClInclude>
    <ClInclude Include="wxWidgets\include\wx\aboutdlg.h">
      <Filter>Third Party\wxWidgets\includes</Filter>
    </ClInclude>
    <ClInclude Include="wxWidgets\include\wx\accel.h">
      <Filter>Third Party\wxWidgets\includes</Filter>
    </ClInclude>
    <ClInclude Include="wxWidgets\include\wx\access.h">
      <Filter>Third Party\wxWidgets\includes</Filter>
    </ClInclude>
    <ClInclude Include="wxWidgets\include\wx\affinematrix2d.h">
      <Filter>Third Party\wxWidgets\includes</Filter>
    </ClInclude>
    <ClInclude Include="wxWidgets\include\wx\affinematrix2dbase.h">
      <Filter>Third Party\wxWidgets\includes</Filter>
    </ClInclude>
    <ClInclude Include="wxWidgets\include\wx\afterstd.h">
      <Filter>Third Party\wxWidgets\includes</Filter>
    </ClInclude>
    <ClInclude Include="wxWidgets\include\wx\anidecod.h">
      <Filter>Third Party\wxWidgets\includes</Filter>
    </ClInclude>
    <ClInclude Include="wxWidgets\include\wx\animate.h">
      <Filter>Third Party\wxWidgets\includes</Filter>
    </ClInclude>
    <ClInclude Include="wxWidgets\include\wx\animdecod.h">
      <Filter>Third Party\wxWidgets\includes</Filter>
    </ClInclude>
    <ClInclude Include="wxWidgets\include\wx\any.h">
      <Filter>Third Party\wxWidgets\includes</Filter>
    </ClInclude>
    <ClInclude Include="wxWidgets\include\wx\anybutton.h">
      <Filter>Third Party\wxWidgets\includes</Filter>
    </ClInclude>
    <ClInclude Include="wxWidgets\include\wx\anystr.h">
      <Filter>Third Party\wxWidgets\includes</Filter>
    </ClInclude>
    <ClInclude Include="wxWidgets\include\wx\app.h">
      <Filter>Third Party\wxWidgets\includes</Filter>
    </ClInclude>
    <ClInclude Include="wxWidgets\include\wx\apptrait.h">
      <Filter>Third Party\wxWidgets\includes</Filter>
    </ClInclude>
    <ClInclude Include="wxWidgets\include\wx\archive.h">
      <Filter>Third Party\wxWidgets\includes</Filter>
    </ClInclude>
    <ClInclude Include="wxWidgets\include\wx\arrstr.h">
      <Filter>Third Party\wxWidgets\includes</Filter>
    </ClInclude>
    <ClInclude Include="wxWidgets\include\wx\artprov.h">
      <Filter>Third Party\wxWidgets\includes</Filter>
    </ClInclude>
    <ClInclude Include="wxWidgets\include\wx\atomic.h">
      <Filter>Third Party\wxWidgets\includes</Filter>
    </ClInclude>
    <ClInclude Include="wxWidgets\include\wx\bannerwindow.h">
      <Filter>Third Party\wxWidgets\includes</Filter>
    </ClInclude>
    <ClInclude Include="wxWidgets\include\wx\base64.h">
      <Filter>Third Party\wxWidgets\includes</Filter>
    </ClInclude>
    <ClInclude Include="wxWidgets\include\wx\beforestd.h">
      <Filter>Third Party\wxWidgets\includes</Filter>
    </ClInclude>
    <ClInclude Include="wxWidgets\include\wx\bitmap.h">
      <Filter>Third Party\wxWidgets\includes</Filter>
    </ClInclude>
    <ClInclude Include="wxWidgets\include\wx\bmpbuttn.h">
      <Filter>Third Party\wxWidgets\includes</Filter>
    </ClInclude>
    <ClInclude Include="wxWidgets\include\wx\bmpcbox.h">
      <Filter>Third Party\wxWidgets\includes</Filter>
    </ClInclude>
    <ClInclude Include="wxWidgets\include\wx\bookctrl.h">
      <Filter>Third Party\wxWidgets\includes</Filter>
    </ClInclude>
    <ClInclude Include="wxWidgets\include\wx\brush.h">
      <Filter>Third Party\wxWidgets\includes</Filter>
    </ClInclude>
    <ClInclude Include="wxWidgets\include\wx\buffer.h">
      <Filter>Third Party\wxWidgets\includes</Filter>
    </ClInclude>
    <ClInclude Include="wxWidgets\include\wx\build.h">
      <Filter>Third Party\wxWidgets\includes</Filter>
    </ClInclude>
    <ClInclude Include="wxWidgets\include\wx\busyinfo.h">
      <Filter>Third Party\wxWidgets\includes</Filter>
    </ClInclude>
    <ClInclude Include="wxWidgets\include\wx\button.h">
      <Filter>Third Party\wxWidgets\includes</Filter>
    </ClInclude>
    <ClInclude Include="wxWidgets\include\wx\calctrl.h">
      <Filter>Third Party\wxWidgets\includes</Filter>
    </ClInclude>
    <ClInclude Include="wxWidgets\include\wx\caret.h">
      <Filter>Third Party\wxWidgets\includes</Filter>
    </ClInclude>
    <ClInclude Include="wxWidgets\include\wx\chartype.h">
      <Filter>Third Party\wxWidgets\includes</Filter>
    </ClInclude>
    <ClInclude Include="wxWidgets\include\wx\checkbox.h">
      <Filter>Third Party\wxWidgets\includes</Filter>
    </ClInclude>
    <ClInclude Include="wxWidgets\include\wx\checkeddelete.h">
      <Filter>Third Party\wxWidgets\includes</Filter>
    </ClInclude>
    <ClInclude Include="wxWidgets\include\wx\checklst.h">
      <Filter>Third Party\wxWidgets\includes</Filter>
    </ClInclude>
    <ClInclude Include="wxWidgets\include\wx\chkconf.h">
      <Filter>Third Party\wxWidgets\includes</Filter>
    </ClInclude>
    <ClInclude Include="wxWidgets\include\wx\choicdlg.h">
      <Filter>Third Party\wxWidgets\includes</Filter>
    </ClInclude>
    <ClInclude Include="wxWidgets\include\wx\choice.h">
      <Filter>Third Party\wxWidgets\includes</Filter>
    </ClInclude>
    <ClInclude Include="wxWidgets\include\wx\choicebk.h">
      <Filter>Third Party\wxWidgets\includes</Filter>
    </ClInclude>
    <ClInclude Include="wxWidgets\include\wx\clipbrd.h">
      <Filter>Third Party\wxWidgets\includes</Filter>
    </ClInclude>
    <ClInclude Include="wxWidgets\include\wx\clntdata.h">
      <Filter>Third Party\wxWidgets\includes</Filter>
    </ClInclude>
    <ClInclude Include="wxWidgets\include\wx\clrpicker.h">
      <Filter>Third Party\wxWidgets\includes</Filter>
    </ClInclude>
    <ClInclude Include="wxWidgets\include\wx\cmdargs.h">
      <Filter>Third Party\wxWidgets\includes</Filter>
    </ClInclude>
    <ClInclude Include="wxWidgets\include\wx\cmdline.h">
      <Filter>Third Party\wxWidgets\includes</Filter>
    </ClInclude>
    <ClInclude Include="wxWidgets\include\wx\cmdproc.h">
      <Filter>Third Party\wxWidgets\includes</Filter>
    </ClInclude>
    <ClInclude Include="wxWidgets\include\wx\cmndata.h">
      <Filter>Third Party\wxWidgets\includes</Filter>
    </ClInclude>
    <ClInclude Include="wxWidgets\include\wx\collpane.h">
      <Filter>Third Party\wxWidgets\includes</Filter>
    </ClInclude>
    <ClInclude Include="wxWidgets\include\wx\colordlg.h">
      <Filter>Third Party\wxWidgets\includes</Filter>
    </ClInclude>
    <ClInclude Include="wxWidgets\include\wx\colour.h">
      <Filter>Third Party\wxWidgets\includes</Filter>
    </ClInclude>
    <ClInclude Include="wxWidgets\include\wx\colourdata.h">
      <Filter>Third Party\wxWidgets\includes</Filter>
    </ClInclude>
    <ClInclude Include="wxWidgets\include\wx\combo.h">
      <Filter>Third Party\wxWidgets\includes</Filter>
    </ClInclude>
    <ClInclude Include="wxWidgets\include\wx\combobox.h">
      <Filter>Third Party\wxWidgets\includes</Filter>
    </ClInclude>
    <ClInclude Include="wxWidgets\include\wx\commandlinkbutton.h">
      <Filter>Third Party\wxWidgets\includes</Filter>
    </ClInclude>
    <ClInclude Include="wxWidgets\include\wx\compiler.h">
      <Filter>Third Party\wxWidgets\includes</Filter>
    </ClInclude>
    <ClInclude Include="wxWidgets\include\wx\compositewin.h">
      <Filter>Third Party\wxWidgets\includes</Filter>
    </ClInclude>
    <ClInclude Include="wxWidgets\include\wx\confbase.h">
      <Filter>Third Party\wxWidgets\includes</Filter>
    </ClInclude>
    <ClInclude Include="wxWidgets\include\wx\config.h">
      <Filter>Third Party\wxWidgets\includes</Filter>
    </ClInclude>
    <ClInclude Include="wxWidgets\include\wx\containr.h">
      <Filter>Third Party\wxWidgets\includes</Filter>
    </ClInclude>
    <ClInclude Include="wxWidgets\include\wx\control.h">
      <Filter>Third Party\wxWidgets\includes</Filter>
    </ClInclude>
    <ClInclude Include="wxWidgets\include\wx\convauto.h">
      <Filter>Third Party\wxWidgets\includes</Filter>
    </ClInclude>
    <ClInclude Include="wxWidgets\include\wx\cpp.h">
      <Filter>Third Party\wxWidgets\includes</Filter>
    </ClInclude>
    <ClInclude Include="wxWidgets\include\wx\cppunit.h">
      <Filter>Third Party\wxWidgets\includes</Filter>
    </ClInclude>
    <ClInclude Include="wxWidgets\include\wx\crt.h">
      <Filter>Third Party\wxWidgets\includes</Filter>
    </ClInclude>
    <ClInclude Include="wxWidgets\include\wx\cshelp.h">
      <Filter>Third Party\wxWidgets\includes</Filter>
    </ClInclude>
    <ClInclude Include="wxWidgets\include\wx\ctrlsub.h">
      <Filter>Third Party\wxWidgets\includes</Filter>
    </ClInclude>
    <ClInclude Include="wxWidgets\include\wx\cursor.h">
      <Filter>Third Party\wxWidgets\includes</Filter>
    </ClInclude>
    <ClInclude Include="wxWidgets\include\wx\custombgwin.h">
      <Filter>Third Party\wxWidgets\includes</Filter>
    </ClInclude>
    <ClInclude Include="wxWidgets\include\wx\dataobj.h">
      <Filter>Third Party\wxWidgets\includes</Filter>
    </ClInclude>
    <ClInclude Include="wxWidgets\include\wx\dataview.h">
      <Filter>Third Party\wxWidgets\includes</Filter>
    </ClInclude>
    <ClInclude Include="wxWidgets\include\wx\datectrl.h">
      <Filter>Third Party\wxWidgets\includes</Filter>
    </ClInclude>
    <ClInclude Include="wxWidgets\include\wx\dateevt.h">
      <Filter>Third Party\wxWidgets\includes</Filter>
    </ClInclude>
    <ClInclude Include="wxWidgets\include\wx\datetime.h">
      <Filter>Third Party\wxWidgets\includes</Filter>
    </ClInclude>
    <ClInclude Include="wxWidgets\include\wx\datetimectrl.h">
      <Filter>Third Party\wxWidgets\includes</Filter>
    </ClInclude>
    <ClInclude Include="wxWidgets\include\wx\datstrm.h">
      <Filter>Third Party\wxWidgets\includes</Filter>
    </ClInclude>
    <ClInclude Include="wxWidgets\include\wx\dc.h">
      <Filter>Third Party\wxWidgets\includes</Filter>
    </ClInclude>
    <ClInclude Include="wxWidgets\include\wx\dcbuffer.h">
      <Filter>Third Party\wxWidgets\includes</Filter>
    </ClInclude>
    <ClInclude Include="wxWidgets\include\wx\dcclient.h">
      <Filter>Third Party\wxWidgets\includes</Filter>
    </ClInclude>
    <ClInclude Include="wxWidgets\include\wx\dcgraph.h">
      <Filter>Third Party\wxWidgets\includes</Filter>
    </ClInclude>
    <ClInclude Include="wxWidgets\include\wx\dcmemory.h">
      <Filter>Third Party\wxWidgets\includes</Filter>
    </ClInclude>
    <ClInclude Include="wxWidgets\include\wx\dcmirror.h">
      <Filter>Third Party\wxWidgets\includes</Filter>
    </ClInclude>
    <ClInclude Include="wxWidgets\include\wx\dcprint.h">
      <Filter>Third Party\wxWidgets\includes</Filter>
    </ClInclude>
    <ClInclude Include="wxWidgets\include\wx\dcps.h">
      <Filter>Third Party\wxWidgets\includes</Filter>
    </ClInclude>
    <ClInclude Include="wxWidgets\include\wx\dcscreen.h">
      <Filter>Third Party\wxWidgets\includes</Filter>
    </ClInclude>
    <ClInclude Include="wxWidgets\include\wx\dcsvg.h">
      <Filter>Third Party\wxWidgets\includes</Filter>
    </ClInclude>
    <ClInclude Include="wxWidgets\include\wx\dde.h">
      <Filter>Third Party\wxWidgets\includes</Filter>
    </ClInclude>
    <ClInclude Include="wxWidgets\include\wx\debug.h">
      <Filter>Third Party\wxWidgets\includes</Filter>
    </ClInclude>
    <ClInclude Include="wxWidgets\include\wx\debugrpt.h">
      <Filter>Third Party\wxWidgets\includes</Filter>
    </ClInclude>
    <ClInclude Include="wxWidgets\include\wx\defs.h">
      <Filter>Third Party\wxWidgets\includes</Filter>
    </ClInclude>
    <ClInclude Include="wxWidgets\include\wx\dialog.h">
      <Filter>Third Party\wxWidgets\includes</Filter>
    </ClInclude>
    <ClInclude Include="wxWidgets\include\wx\dialup.h">
      <Filter>Third Party\wxWidgets\includes</Filter>
    </ClInclude>
    <ClInclude Include="wxWidgets\include\wx\dir.h">
      <Filter>Third Party\wxWidgets\includes</Filter>
    </ClInclude>
    <ClInclude Include="wxWidgets\include\wx\dirctrl.h">
      <Filter>Third Party\wxWidgets\includes</Filter>
    </ClInclude>
    <ClInclude Include="wxWidgets\include\wx\dirdlg.h">
      <Filter>Third Party\wxWidgets\includes</Filter>
    </ClInclude>
    <ClInclude Include="wxWidgets\include\wx\display.h">
      <Filter>Third Party\wxWidgets\includes</Filter>
    </ClInclude>
    <ClInclude Include="wxWidgets\include\wx\display_impl.h">
      <Filter>Third Party\wxWidgets\includes</Filter>
    </ClInclude>
    <ClInclude Include="wxWidgets\include\wx\dlimpexp.h">
      <Filter>Third Party\wxWidgets\includes</Filter>
    </ClInclude>
    <ClInclude Include="wxWidgets\include\wx\dlist.h">
      <Filter>Third Party\wxWidgets\includes</Filter>
    </ClInclude>
    <ClInclude Include="wxWidgets\include\wx\dnd.h">
      <Filter>Third Party\wxWidgets\includes</Filter>
    </ClInclude>
    <ClInclude Include="wxWidgets\include\wx\docmdi.h">
      <Filter>Third Party\wxWidgets\includes</Filter>
    </ClInclude>
    <ClInclude Include="wxWidgets\include\wx\docview.h">
      <Filter>Third Party\wxWidgets\includes</Filter>
    </ClInclude>
    <ClInclude Include="wxWidgets\include\wx\dragimag.h">
      <Filter>Third Party\wxWidgets\includes</Filter>
    </ClInclude>
    <ClInclude Include="wxWidgets\include\wx\dvrenderers.h">
      <Filter>Third Party\wxWidgets\includes</Filter>
    </ClInclude>
    <ClInclude Include="wxWidgets\include\wx\dynarray.h">
      <Filter>Third Party\wxWidgets\includes</Filter>
    </ClInclude>
    <ClInclude Include="wxWidgets\include\wx\dynlib.h">
      <Filter>Third Party\wxWidgets\includes</Filter>
    </ClInclude>
    <ClInclude Include="wxWidgets\include\wx\dynload.h">
      <Filter>Third Party\wxWidgets\includes</Filter>
    </ClInclude>
    <ClInclude Include="wxWidgets\include\wx\editlbox.h">
      <Filter>Third Party\wxWidgets\includes</Filter>
    </ClInclude>
    <ClInclude Include="wxWidgets\include\wx\effects.h">
      <Filter>Third Party\wxWidgets\includes</Filter>
    </ClInclude>
    <ClInclude Include="wxWidgets\include\wx\encconv.h">
      <Filter>Third Party\wxWidgets\includes</Filter>
    </ClInclude>
    <ClInclude Include="wxWidgets\include\wx\encinfo.h">
      <Filter>Third Party\wxWidgets\includes</Filter>
    </ClInclude>
    <ClInclude Include="wxWidgets\include\wx\event.h">
      <Filter>Third Party\wxWidgets\includes</Filter>
    </ClInclude>
    <ClInclude Include="wxWidgets\include\wx\eventfilter.h">
      <Filter>Third Party\wxWidgets\includes</Filter>
    </ClInclude>
    <ClInclude Include="wxWidgets\include\wx\evtloop.h">
      <Filter>Third Party\wxWidgets\includes</Filter>
    </ClInclude>
    <ClInclude Include="wxWidgets\include\wx\evtloopsrc.h">
      <Filter>Third Party\wxWidgets\includes</Filter>
    </ClInclude>
    <ClInclude Include="wxWidgets\include\wx\except.h">
      <Filter>Third Party\wxWidgets\includes</Filter>
    </ClInclude>
    <ClInclude Include="wxWidgets\include\wx\fdrepdlg.h">
      <Filter>Third Party\wxWidgets\includes</Filter>
    </ClInclude>
    <ClInclude Include="wxWidgets\include\wx\features.h">
      <Filter>Third Party\wxWidgets\includes</Filter>
    </ClInclude>
    <ClInclude Include="wxWidgets\include\wx\ffile.h">
      <Filter>Third Party\wxWidgets\includes</Filter>
    </ClInclude>
    <ClInclude Include="wxWidgets\include\wx\file.h">
      <Filter>Third Party\wxWidgets\includes</Filter>
    </ClInclude>
    <ClInclude Include="wxWidgets\include\wx\fileconf.h">
      <Filter>Third Party\wxWidgets\includes</Filter>
    </ClInclude>
    <ClInclude Include="wxWidgets\include\wx\filectrl.h">
      <Filter>Third Party\wxWidgets\includes</Filter>
    </ClInclude>
    <ClInclude Include="wxWidgets\include\wx\filedlg.h">
      <Filter>Third Party\wxWidgets\includes</Filter>
    </ClInclude>
    <ClInclude Include="wxWidgets\include\wx\filefn.h">
      <Filter>Third Party\wxWidgets\includes</Filter>
    </ClInclude>
    <ClInclude Include="wxWidgets\include\wx\filehistory.h">
      <Filter>Third Party\wxWidgets\includes</Filter>
    </ClInclude>
    <ClInclude Include="wxWidgets\include\wx\filename.h">
      <Filter>Third Party\wxWidgets\includes</Filter>
    </ClInclude>
    <ClInclude Include="wxWidgets\include\wx\filepicker.h">
      <Filter>Third Party\wxWidgets\includes</Filter>
    </ClInclude>
    <ClInclude Include="wxWidgets\include\wx\filesys.h">
      <Filter>Third Party\wxWidgets\includes</Filter>
    </ClInclude>
    <ClInclude Include="wxWidgets\include\wx\flags.h">
      <Filter>Third Party\wxWidgets\includes</Filter>
    </ClInclude>
    <ClInclude Include="wxWidgets\include\wx\fmappriv.h">
      <Filter>Third Party\wxWidgets\includes</Filter>
    </ClInclude>
    <ClInclude Include="wxWidgets\include\wx\font.h">
      <Filter>Third Party\wxWidgets\includes</Filter>
    </ClInclude>
    <ClInclude Include="wxWidgets\include\wx\fontdata.h">
      <Filter>Third Party\wxWidgets\includes</Filter>
    </ClInclude>
    <ClInclude Include="wxWidgets\include\wx\fontdlg.h">
      <Filter>Third Party\wxWidgets\includes</Filter>
    </ClInclude>
    <ClInclude Include="wxWidgets\include\wx\fontenc.h">
      <Filter>Third Party\wxWidgets\includes</Filter>
    </ClInclude>
    <ClInclude Include="wxWidgets\include\wx\fontenum.h">
      <Filter>Third Party\wxWidgets\includes</Filter>
    </ClInclude>
    <ClInclude Include="wxWidgets\include\wx\fontmap.h">
      <Filter>Third Party\wxWidgets\includes</Filter>
    </ClInclude>
    <ClInclude Include="wxWidgets\include\wx\fontpicker.h">
      <Filter>Third Party\wxWidgets\includes</Filter>
    </ClInclude>
    <ClInclude Include="wxWidgets\include\wx\fontutil.h">
      <Filter>Third Party\wxWidgets\includes</Filter>
    </ClInclude>
    <ClInclude Include="wxWidgets\include\wx\frame.h">
      <Filter>Third Party\wxWidgets\includes</Filter>
    </ClInclude>
    <ClInclude Include="wxWidgets\include\wx\fswatcher.h">
      <Filter>Third Party\wxWidgets\includes</Filter>
    </ClInclude>
    <ClInclude Include="wxWidgets\include\wx\fs_arc.h">
      <Filter>Third Party\wxWidgets\includes</Filter>
    </ClInclude>
    <ClInclude Include="wxWidgets\include\wx\fs_filter.h">
      <Filter>Third Party\wxWidgets\includes</Filter>
    </ClInclude>
    <ClInclude Include="wxWidgets\include\wx\fs_inet.h">
      <Filter>Third Party\wxWidgets\includes</Filter>
    </ClInclude>
    <ClInclude Include="wxWidgets\include\wx\fs_mem.h">
      <Filter>Third Party\wxWidgets\includes</Filter>
    </ClInclude>
    <ClInclude Include="wxWidgets\include\wx\fs_zip.h">
      <Filter>Third Party\wxWidgets\includes</Filter>
    </ClInclude>
    <ClInclude Include="wxWidgets\include\wx\gauge.h">
      <Filter>Third Party\wxWidgets\includes</Filter>
    </ClInclude>
    <ClInclude Include="wxWidgets\include\wx\gbsizer.h">
      <Filter>Third Party\wxWidgets\includes</Filter>
    </ClInclude>
    <ClInclude Include="wxWidgets\include\wx\gdicmn.h">
      <Filter>Third Party\wxWidgets\includes</Filter>
    </ClInclude>
    <ClInclude Include="wxWidgets\include\wx\gdiobj.h">
      <Filter>Third Party\wxWidgets\includes</Filter>
    </ClInclude>
    <ClInclude Include="wxWidgets\include\wx\geometry.h">
      <Filter>Third Party\wxWidgets\includes</Filter>
    </ClInclude>
    <ClInclude Include="wxWidgets\include\wx\gifdecod.h">
      <Filter>Third Party\wxWidgets\includes</Filter>
    </ClInclude>
    <ClInclude Include="wxWidgets\include\wx\glcanvas.h">
      <Filter>Third Party\wxWidgets\includes</Filter>
    </ClInclude>
    <ClInclude Include="wxWidgets\include\wx\graphics.h">
      <Filter>Third Party\wxWidgets\includes</Filter>
    </ClInclude>
    <ClInclude Include="wxWidgets\include\wx\grid.h">
      <Filter>Third Party\wxWidgets\includes</Filter>
    </ClInclude>
    <ClInclude Include="wxWidgets\include\wx\hash.h">
      <Filter>Third Party\wxWidgets\includes</Filter>
    </ClInclude>
    <ClInclude Include="wxWidgets\include\wx\hashmap.h">
      <Filter>Third Party\wxWidgets\includes</Filter>
    </ClInclude>
    <ClInclude Include="wxWidgets\include\wx\hashset.h">
      <Filter>Third Party\wxWidgets\includes</Filter>
    </ClInclude>
    <ClInclude Include="wxWidgets\include\wx\headercol.h">
      <Filter>Third Party\wxWidgets\includes</Filter>
    </ClInclude>
    <ClInclude Include="wxWidgets\include\wx\headerctrl.h">
      <Filter>Third Party\wxWidgets\includes</Filter>
    </ClInclude>
    <ClInclude Include="wxWidgets\include\wx\help.h">
      <Filter>Third Party\wxWidgets\includes</Filter>
    </ClInclude>
    <ClInclude Include="wxWidgets\include\wx\helpbase.h">
      <Filter>Third Party\wxWidgets\includes</Filter>
    </ClInclude>
    <ClInclude Include="wxWidgets\include\wx\helphtml.h">
      <Filter>Third Party\wxWidgets\includes</Filter>
    </ClInclude>
    <ClInclude Include="wxWidgets\include\wx\helpwin.h">
      <Filter>Third Party\wxWidgets\includes</Filter>
    </ClInclude>
    <ClInclude Include="wxWidgets\include\wx\htmllbox.h">
      <Filter>Third Party\wxWidgets\includes</Filter>
    </ClInclude>
    <ClInclude Include="wxWidgets\include\wx\hyperlink.h">
      <Filter>Third Party\wxWidgets\includes</Filter>
    </ClInclude>
    <ClInclude Include="wxWidgets\include\wx\icon.h">
      <Filter>Third Party\wxWidgets\includes</Filter>
    </ClInclude>
    <ClInclude Include="wxWidgets\include\wx\iconbndl.h">
      <Filter>Third Party\wxWidgets\includes</Filter>
    </ClInclude>
    <ClInclude Include="wxWidgets\include\wx\iconloc.h">
      <Filter>Third Party\wxWidgets\includes</Filter>
    </ClInclude>
    <ClInclude Include="wxWidgets\include\wx\imagbmp.h">
      <Filter>Third Party\wxWidgets\includes</Filter>
    </ClInclude>
    <ClInclude Include="wxWidgets\include\wx\image.h">
      <Filter>Third Party\wxWidgets\includes</Filter>
    </ClInclude>
    <ClInclude Include="wxWidgets\include\wx\imaggif.h">
      <Filter>Third Party\wxWidgets\includes</Filter>
    </ClInclude>
    <ClInclude Include="wxWidgets\include\wx\imagiff.h">
      <Filter>Third Party\wxWidgets\includes</Filter>
    </ClInclude>
    <ClInclude Include="wxWidgets\include\wx\imagjpeg.h">
      <Filter>Third Party\wxWidgets\includes</Filter>
    </ClInclude>
    <ClInclude Include="wxWidgets\include\wx\imaglist.h">
      <Filter>Third Party\wxWidgets\includes</Filter>
    </ClInclude>
    <ClInclude Include="wxWidgets\include\wx\imagpcx.h">
      <Filter>Third Party\wxWidgets\includes</Filter>
    </ClInclude>
    <ClInclude Include="wxWidgets\include\wx\imagpng.h">
      <Filter>Third Party\wxWidgets\includes</Filter>
    </ClInclude>
    <ClInclude Include="wxWidgets\include\wx\imagpnm.h">
      <Filter>Third Party\wxWidgets\includes</Filter>
    </ClInclude>
    <ClInclude Include="wxWidgets\include\wx\imagtga.h">
      <Filter>Third Party\wxWidgets\includes</Filter>
    </ClInclude>
    <ClInclude Include="wxWidgets\include\wx\imagtiff.h">
      <Filter>Third Party\wxWidgets\includes</Filter>
    </ClInclude>
    <ClInclude Include="wxWidgets\include\wx\imagxpm.h">
      <Filter>Third Party\wxWidgets\includes</Filter>
    </ClInclude>
    <ClInclude Include="wxWidgets\include\wx\infobar.h">
      <Filter>Third Party\wxWidgets\includes</Filter>
    </ClInclude>
    <ClInclude Include="wxWidgets\include\wx\init.h">
      <Filter>Third Party\wxWidgets\includes</Filter>
    </ClInclude>
    <ClInclude Include="wxWidgets\include\wx\intl.h">
      <Filter>Third Party\wxWidgets\includes</Filter>
    </ClInclude>
    <ClInclude Include="wxWidgets\include\wx\iosfwrap.h">
      <Filter>Third Party\wxWidgets\includes</Filter>
    </ClInclude>
    <ClInclude Include="wxWidgets\include\wx\ioswrap.h">
      <Filter>Third Party\wxWidgets\includes</Filter>
    </ClInclude>
    <ClInclude Include="wxWidgets\include\wx\ipc.h">
      <Filter>Third Party\wxWidgets\includes</Filter>
    </ClInclude>
    <ClInclude Include="wxWidgets\include\wx\ipcbase.h">
      <Filter>Third Party\wxWidgets\includes</Filter>
    </ClInclude>
    <ClInclude Include="wxWidgets\include\wx\itemid.h">
      <Filter>Third Party\wxWidgets\includes</Filter>
    </ClInclude>
    <ClInclude Include="wxWidgets\include\wx\joystick.h">
      <Filter>Third Party\wxWidgets\includes</Filter>
    </ClInclude>
    <ClInclude Include="wxWidgets\include\wx\kbdstate.h">
      <Filter>Third Party\wxWidgets\includes</Filter>
    </ClInclude>
    <ClInclude Include="wxWidgets\include\wx\language.h">
      <Filter>Third Party\wxWidgets\includes</Filter>
    </ClInclude>
    <ClInclude Include="wxWidgets\include\wx\layout.h">
      <Filter>Third Party\wxWidgets\includes</Filter>
    </ClInclude>
    <ClInclude Include="wxWidgets\include\wx\laywin.h">
      <Filter>Third Party\wxWidgets\includes</Filter>
    </ClInclude>
    <ClInclude Include="wxWidgets\include\wx\link.h">
      <Filter>Third Party\wxWidgets\includes</Filter>
    </ClInclude>
    <ClInclude Include="wxWidgets\include\wx\list.h">
      <Filter>Third Party\wxWidgets\includes</Filter>
    </ClInclude>
    <ClInclude Include="wxWidgets\include\wx\listbase.h">
      <Filter>Third Party\wxWidgets\includes</Filter>
    </ClInclude>
    <ClInclude Include="wxWidgets\include\wx\listbook.h">
      <Filter>Third Party\wxWidgets\includes</Filter>
    </ClInclude>
    <ClInclude Include="wxWidgets\include\wx\listbox.h">
      <Filter>Third Party\wxWidgets\includes</Filter>
    </ClInclude>
    <ClInclude Include="wxWidgets\include\wx\listctrl.h">
      <Filter>Third Party\wxWidgets\includes</Filter>
    </ClInclude>
    <ClInclude Include="wxWidgets\include\wx\log.h">
      <Filter>Third Party\wxWidgets\includes</Filter>
    </ClInclude>
    <ClInclude Include="wxWidgets\include\wx\longlong.h">
      <Filter>Third Party\wxWidgets\includes</Filter>
    </ClInclude>
    <ClInclude Include="wxWidgets\include\wx\math.h">
      <Filter>Third Party\wxWidgets\includes</Filter>
    </ClInclude>
    <ClInclude Include="wxWidgets\include\wx\matrix.h">
      <Filter>Third Party\wxWidgets\includes</Filter>
    </ClInclude>
    <ClInclude Include="wxWidgets\include\wx\mdi.h">
      <Filter>Third Party\wxWidgets\includes</Filter>
    </ClInclude>
    <ClInclude Include="wxWidgets\include\wx\mediactrl.h">
      <Filter>Third Party\wxWidgets\includes</Filter>
    </ClInclude>
    <ClInclude Include="wxWidgets\include\wx\memconf.h">
      <Filter>Third Party\wxWidgets\includes</Filter>
    </ClInclude>
    <ClInclude Include="wxWidgets\include\wx\memory.h">
      <Filter>Third Party\wxWidgets\includes</Filter>
    </ClInclude>
    <ClInclude Include="wxWidgets\include\wx\memtext.h">
      <Filter>Third Party\wxWidgets\includes</Filter>
    </ClInclude>
    <ClInclude Include="wxWidgets\include\wx\menu.h">
      <Filter>Third Party\wxWidgets\includes</Filter>
    </ClInclude>
    <ClInclude Include="wxWidgets\include\wx\menuitem.h">
      <Filter>Third Party\wxWidgets\includes</Filter>
    </ClInclude>
    <ClInclude Include="wxWidgets\include\wx\metafile.h">
      <Filter>Third Party\wxWidgets\includes</Filter>
    </ClInclude>
    <ClInclude Include="wxWidgets\include\wx\mimetype.h">
      <Filter>Third Party\wxWidgets\includes</Filter>
    </ClInclude>
    <ClInclude Include="wxWidgets\include\wx\minifram.h">
      <Filter>Third Party\wxWidgets\includes</Filter>
    </ClInclude>
    <ClInclude Include="wxWidgets\include\wx\modalhook.h">
      <Filter>Third Party\wxWidgets\includes</Filter>
    </ClInclude>
    <ClInclude Include="wxWidgets\include\wx\module.h">
      <Filter>Third Party\wxWidgets\includes</Filter>
    </ClInclude>
    <ClInclude Include="wxWidgets\include\wx\mousemanager.h">
      <Filter>Third Party\wxWidgets\includes</Filter>
    </ClInclude>
    <ClInclude Include="wxWidgets\include\wx\mousestate.h">
      <Filter>Third Party\wxWidgets\includes</Filter>
    </ClInclude>
    <ClInclude Include="wxWidgets\include\wx\msgdlg.h">
      <Filter>Third Party\wxWidgets\includes</Filter>
    </ClInclude>
    <ClInclude Include="wxWidgets\include\wx\msgout.h">
      <Filter>Third Party\wxWidgets\includes</Filter>
    </ClInclude>
    <ClInclude Include="wxWidgets\include\wx\msgqueue.h">
      <Filter>Third Party\wxWidgets\includes</Filter>
    </ClInclude>
    <ClInclude Include="wxWidgets\include\wx\mstream.h">
      <Filter>Third Party\wxWidgets\includes</Filter>
    </ClInclude>
    <ClInclude Include="wxWidgets\include\wx\nativewin.h">
      <Filter>Third Party\wxWidgets\includes</Filter>
    </ClInclude>
    <ClInclude Include="wxWidgets\include\wx\nonownedwnd.h">
      <Filter>Third Party\wxWidgets\includes</Filter>
    </ClInclude>
    <ClInclude Include="wxWidgets\include\wx\notebook.h">
      <Filter>Third Party\wxWidgets\includes</Filter>
    </ClInclude>
    <ClInclude Include="wxWidgets\include\wx\notifmsg.h">
      <Filter>Third Party\wxWidgets\includes</Filter>
    </ClInclude>
    <ClInclude Include="wxWidgets\include\wx\numdlg.h">
      <Filter>Third Party\wxWidgets\includes</Filter>
    </ClInclude>
    <ClInclude Include="wxWidgets\include\wx\numformatter.h">
      <Filter>Third Party\wxWidgets\includes</Filter>
    </ClInclude>
    <ClInclude Include="wxWidgets\include\wx\object.h">
      <Filter>Third Party\wxWidgets\includes</Filter>
    </ClInclude>
    <ClInclude Include="wxWidgets\include\wx\odcombo.h">
      <Filter>Third Party\wxWidgets\includes</Filter>
    </ClInclude>
    <ClInclude Include="wxWidgets\include\wx\overlay.h">
      <Filter>Third Party\wxWidgets\includes</Filter>
    </ClInclude>
    <ClInclude Include="wxWidgets\include\wx\ownerdrw.h">
      <Filter>Third Party\wxWidgets\includes</Filter>
    </ClInclude>
    <ClInclude Include="wxWidgets\include\wx\palette.h">
      <Filter>Third Party\wxWidgets\includes</Filter>
    </ClInclude>
    <ClInclude Include="wxWidgets\include\wx\panel.h">
      <Filter>Third Party\wxWidgets\includes</Filter>
    </ClInclude>
    <ClInclude Include="wxWidgets\include\wx\paper.h">
      <Filter>Third Party\wxWidgets\includes</Filter>
    </ClInclude>
    <ClInclude Include="wxWidgets\include\wx\pen.h">
      <Filter>Third Party\wxWidgets\includes</Filter>
    </ClInclude>
    <ClInclude Include="wxWidgets\include\wx\persist.h">
      <Filter>Third Party\wxWidgets\includes</Filter>
    </ClInclude>
    <ClInclude Include="wxWidgets\include\wx\pickerbase.h">
      <Filter>Third Party\wxWidgets\includes</Filter>
    </ClInclude>
    <ClInclude Include="wxWidgets\include\wx\platform.h">
      <Filter>Third Party\wxWidgets\includes</Filter>
    </ClInclude>
    <ClInclude Include="wxWidgets\include\wx\platinfo.h">
      <Filter>Third Party\wxWidgets\includes</Filter>
    </ClInclude>
    <ClInclude Include="wxWidgets\include\wx\popupwin.h">
      <Filter>Third Party\wxWidgets\includes</Filter>
    </ClInclude>
    <ClInclude Include="wxWidgets\include\wx\position.h">
      <Filter>Third Party\wxWidgets\includes</Filter>
    </ClInclude>
    <ClInclude Include="wxWidgets\include\wx\power.h">
      <Filter>Third Party\wxWidgets\includes</Filter>
    </ClInclude>
    <ClInclude Include="wxWidgets\include\wx\preferences.h">
      <Filter>Third Party\wxWidgets\includes</Filter>
    </ClInclude>
    <ClInclude Include="wxWidgets\include\wx\print.h">
      <Filter>Third Party\wxWidgets\includes</Filter>
    </ClInclude>
    <ClInclude Include="wxWidgets\include\wx\printdlg.h">
      <Filter>Third Party\wxWidgets\includes</Filter>
    </ClInclude>
    <ClInclude Include="wxWidgets\include\wx\prntbase.h">
      <Filter>Third Party\wxWidgets\includes</Filter>
    </ClInclude>
    <ClInclude Include="wxWidgets\include\wx\process.h">
      <Filter>Third Party\wxWidgets\includes</Filter>
    </ClInclude>
    <ClInclude Include="wxWidgets\include\wx\progdlg.h">
      <Filter>Third Party\wxWidgets\includes</Filter>
    </ClInclude>
    <ClInclude Include="wxWidgets\include\wx\propdlg.h">
      <Filter>Third Party\wxWidgets\includes</Filter>
    </ClInclude>
    <ClInclude Include="wxWidgets\include\wx\ptr_scpd.h">
      <Filter>Third Party\wxWidgets\includes</Filter>
    </ClInclude>
    <ClInclude Include="wxWidgets\include\wx\ptr_shrd.h">
      <Filter>Third Party\wxWidgets\includes</Filter>
    </ClInclude>
    <ClInclude Include="wxWidgets\include\wx\quantize.h">
      <Filter>Third Party\wxWidgets\includes</Filter>
    </ClInclude>
    <ClInclude Include="wxWidgets\include\wx\radiobox.h">
      <Filter>Third Party\wxWidgets\includes</Filter>
    </ClInclude>
    <ClInclude Include="wxWidgets\include\wx\radiobut.h">
      <Filter>Third Party\wxWidgets\includes</Filter>
    </ClInclude>
    <ClInclude Include="wxWidgets\include\wx\range.h">
      <Filter>Third Party\wxWidgets\includes</Filter>
    </ClInclude>
    <ClInclude Include="wxWidgets\include\wx\rawbmp.h">
      <Filter>Third Party\wxWidgets\includes</Filter>
    </ClInclude>
    <ClInclude Include="wxWidgets\include\wx\rearrangectrl.h">
      <Filter>Third Party\wxWidgets\includes</Filter>
    </ClInclude>
    <ClInclude Include="wxWidgets\include\wx\recguard.h">
      <Filter>Third Party\wxWidgets\includes</Filter>
    </ClInclude>
    <ClInclude Include="wxWidgets\include\wx\regex.h">
      <Filter>Third Party\wxWidgets\includes</Filter>
    </ClInclude>
    <ClInclude Include="wxWidgets\include\wx\region.h">
      <Filter>Third Party\wxWidgets\includes</Filter>
    </ClInclude>
    <ClInclude Include="wxWidgets\include\wx\renderer.h">
      <Filter>Third Party\wxWidgets\includes</Filter>
    </ClInclude>
    <ClInclude Include="wxWidgets\include\wx\richmsgdlg.h">
      <Filter>Third Party\wxWidgets\includes</Filter>
    </ClInclude>
    <ClInclude Include="wxWidgets\include\wx\richtooltip.h">
      <Filter>Third Party\wxWidgets\includes</Filter>
    </ClInclude>
    <ClInclude Include="wxWidgets\include\wx\rtti.h">
      <Filter>Third Party\wxWidgets\includes</Filter>
    </ClInclude>
    <ClInclude Include="wxWidgets\include\wx\sashwin.h">
      <Filter>Third Party\wxWidgets\includes</Filter>
    </ClInclude>
    <ClInclude Include="wxWidgets\include\wx\sckaddr.h">
      <Filter>Third Party\wxWidgets\includes</Filter>
    </ClInclude>
    <ClInclude Include="wxWidgets\include\wx\sckipc.h">
      <Filter>Third Party\wxWidgets\includes</Filter>
    </ClInclude>
    <ClInclude Include="wxWidgets\include\wx\sckstrm.h">
      <Filter>Third Party\wxWidgets\includes</Filter>
    </ClInclude>
    <ClInclude Include="wxWidgets\include\wx\scopedarray.h">
      <Filter>Third Party\wxWidgets\includes</Filter>
    </ClInclude>
    <ClInclude Include="wxWidgets\include\wx\scopedptr.h">
      <Filter>Third Party\wxWidgets\includes</Filter>
    </ClInclude>
    <ClInclude Include="wxWidgets\include\wx\scopeguard.h">
      <Filter>Third Party\wxWidgets\includes</Filter>
    </ClInclude>
    <ClInclude Include="wxWidgets\include\wx\scrolbar.h">
      <Filter>Third Party\wxWidgets\includes</Filter>
    </ClInclude>
    <ClInclude Include="wxWidgets\include\wx\scrolwin.h">
      <Filter>Third Party\wxWidgets\includes</Filter>
    </ClInclude>
    <ClInclude Include="wxWidgets\include\wx\selstore.h">
      <Filter>Third Party\wxWidgets\includes</Filter>
    </ClInclude>
    <ClInclude Include="wxWidgets\include\wx\settings.h">
      <Filter>Third Party\wxWidgets\includes</Filter>
    </ClInclude>
    <ClInclude Include="wxWidgets\include\wx\setup_inc.h">
      <Filter>Third Party\wxWidgets\includes</Filter>
    </ClInclude>
    <ClInclude Include="wxWidgets\include\wx\setup_redirect.h">
      <Filter>Third Party\wxWidgets\includes</Filter>
    </ClInclude>
    <ClInclude Include="wxWidgets\include\wx\sharedptr.h">
      <Filter>Third Party\wxWidgets\includes</Filter>
    </ClInclude>
    <ClInclude Include="wxWidgets\include\wx\simplebook.h">
      <Filter>Third Party\wxWidgets\includes</Filter>
    </ClInclude>
    <ClInclude Include="wxWidgets\include\wx\sizer.h">
      <Filter>Third Party\wxWidgets\includes</Filter>
    </ClInclude>
    <ClInclude Include="wxWidgets\include\wx\slider.h">
      <Filter>Third Party\wxWidgets\includes</Filter>
    </ClInclude>
    <ClInclude Include="wxWidgets\include\wx\snglinst.h">
      <Filter>Third Party\wxWidgets\includes</Filter>
    </ClInclude>
    <ClInclude Include="wxWidgets\include\wx\socket.h">
      <Filter>Third Party\wxWidgets\includes</Filter>
    </ClInclude>
    <ClInclude Include="wxWidgets\include\wx\sound.h">
      <Filter>Third Party\wxWidgets\includes</Filter>
    </ClInclude>
    <ClInclude Include="wxWidgets\include\wx\spinbutt.h">
      <Filter>Third Party\wxWidgets\includes</Filter>
    </ClInclude>
    <ClInclude Include="wxWidgets\include\wx\spinctrl.h">
      <Filter>Third Party\wxWidgets\includes</Filter>
    </ClInclude>
    <ClInclude Include="wxWidgets\include\wx\splash.h">
      <Filter>Third Party\wxWidgets\includes</Filter>
    </ClInclude>
    <ClInclude Include="wxWidgets\include\wx\splitter.h">
      <Filter>Third Party\wxWidgets\includes</Filter>
    </ClInclude>
    <ClInclude Include="wxWidgets\include\wx\srchctrl.h">
      <Filter>Third Party\wxWidgets\includes</Filter>
    </ClInclude>
    <ClInclude Include="wxWidgets\include\wx\sstream.h">
      <Filter>Third Party\wxWidgets\includes</Filter>
    </ClInclude>
    <ClInclude Include="wxWidgets\include\wx\stack.h">
      <Filter>Third Party\wxWidgets\includes</Filter>
    </ClInclude>
    <ClInclude Include="wxWidgets\include\wx\stackwalk.h">
      <Filter>Third Party\wxWidgets\includes</Filter>
    </ClInclude>
    <ClInclude Include="wxWidgets\include\wx\statbmp.h">
      <Filter>Third Party\wxWidgets\includes</Filter>
    </ClInclude>
    <ClInclude Include="wxWidgets\include\wx\statbox.h">
      <Filter>Third Party\wxWidgets\includes</Filter>
    </ClInclude>
    <ClInclude Include="wxWidgets\include\wx\statline.h">
      <Filter>Third Party\wxWidgets\includes</Filter>
    </ClInclude>
    <ClInclude Include="wxWidgets\include\wx\stattext.h">
      <Filter>Third Party\wxWidgets\includes</Filter>
    </ClInclude>
    <ClInclude Include="wxWidgets\include\wx\statusbr.h">
      <Filter>Third Party\wxWidgets\includes</Filter>
    </ClInclude>
    <ClInclude Include="wxWidgets\include\wx\stdpaths.h">
      <Filter>Third Party\wxWidgets\includes</Filter>
    </ClInclude>
    <ClInclude Include="wxWidgets\include\wx\stdstream.h">
      <Filter>Third Party\wxWidgets\includes</Filter>
    </ClInclude>
    <ClInclude Include="wxWidgets\include\wx\stockitem.h">
      <Filter>Third Party\wxWidgets\includes</Filter>
    </ClInclude>
    <ClInclude Include="wxWidgets\include\wx\stopwatch.h">
      <Filter>Third Party\wxWidgets\includes</Filter>
    </ClInclude>
    <ClInclude Include="wxWidgets\include\wx\strconv.h">
      <Filter>Third Party\wxWidgets\includes</Filter>
    </ClInclude>
    <ClInclude Include="wxWidgets\include\wx\stream.h">
      <Filter>Third Party\wxWidgets\includes</Filter>
    </ClInclude>
    <ClInclude Include="wxWidgets\include\wx\string.h">
      <Filter>Third Party\wxWidgets\includes</Filter>
    </ClInclude>
    <ClInclude Include="wxWidgets\include\wx\stringimpl.h">
      <Filter>Third Party\wxWidgets\includes</Filter>
    </ClInclude>
    <ClInclude Include="wxWidgets\include\wx\stringops.h">
      <Filter>Third Party\wxWidgets\includes</Filter>
    </ClInclude>
    <ClInclude Include="wxWidgets\include\wx\strvararg.h">
      <Filter>Third Party\wxWidgets\includes</Filter>
    </ClInclude>
    <ClInclude Include="wxWidgets\include\wx\sysopt.h">
      <Filter>Third Party\wxWidgets\includes</Filter>
    </ClInclude>
    <ClInclude Include="wxWidgets\include\wx\tarstrm.h">
      <Filter>Third Party\wxWidgets\includes</Filter>
    </ClInclude>
    <ClInclude Include="wxWidgets\include\wx\taskbar.h">
      <Filter>Third Party\wxWidgets\includes</Filter>
    </ClInclude>
    <ClInclude Include="wxWidgets\include\wx\tbarbase.h">
      <Filter>Third Party\wxWidgets\includes</Filter>
    </ClInclude>
    <ClInclude Include="wxWidgets\include\wx\testing.h">
      <Filter>Third Party\wxWidgets\includes</Filter>
    </ClInclude>
    <ClInclude Include="wxWidgets\include\wx\textbuf.h">
      <Filter>Third Party\wxWidgets\includes</Filter>
    </ClInclude>
    <ClInclude Include="wxWidgets\include\wx\textcompleter.h">
      <Filter>Third Party\wxWidgets\includes</Filter>
    </ClInclude>
    <ClInclude Include="wxWidgets\include\wx\textctrl.h">
      <Filter>Third Party\wxWidgets\includes</Filter>
    </ClInclude>
    <ClInclude Include="wxWidgets\include\wx\textdlg.h">
      <Filter>Third Party\wxWidgets\includes</Filter>
    </ClInclude>
    <ClInclude Include="wxWidgets\include\wx\textentry.h">
      <Filter>Third Party\wxWidgets\includes</Filter>
    </ClInclude>
    <ClInclude Include="wxWidgets\include\wx\textfile.h">
      <Filter>Third Party\wxWidgets\includes</Filter>
    </ClInclude>
    <ClInclude Include="wxWidgets\include\wx\textwrapper.h">
      <Filter>Third Party\wxWidgets\includes</Filter>
    </ClInclude>
    <ClInclude Include="wxWidgets\include\wx\tglbtn.h">
      <Filter>Third Party\wxWidgets\includes</Filter>
    </ClInclude>
    <ClInclude Include="wxWidgets\include\wx\thread.h">
      <Filter>Third Party\wxWidgets\includes</Filter>
    </ClInclude>
    <ClInclude Include="wxWidgets\include\wx\time.h">
      <Filter>Third Party\wxWidgets\includes</Filter>
    </ClInclude>
    <ClInclude Include="wxWidgets\include\wx\timectrl.h">
      <Filter>Third Party\wxWidgets\includes</Filter>
    </ClInclude>
    <ClInclude Include="wxWidgets\include\wx\timer.h">
      <Filter>Third Party\wxWidgets\includes</Filter>
    </ClInclude>
    <ClInclude Include="wxWidgets\include\wx\tipdlg.h">
      <Filter>Third Party\wxWidgets\includes</Filter>
    </ClInclude>
    <ClInclude Include="wxWidgets\include\wx\tipwin.h">
      <Filter>Third Party\wxWidgets\includes</Filter>
    </ClInclude>
    <ClInclude Include="wxWidgets\include\wx\tls.h">
      <Filter>Third Party\wxWidgets\includes</Filter>
    </ClInclude>
    <ClInclude Include="wxWidgets\include\wx\tokenzr.h">
      <Filter>Third Party\wxWidgets\includes</Filter>
    </ClInclude>
    <ClInclude Include="wxWidgets\include\wx\toolbar.h">
      <Filter>Third Party\wxWidgets\includes</Filter>
    </ClInclude>
    <ClInclude Include="wxWidgets\include\wx\toolbook.h">
      <Filter>Third Party\wxWidgets\includes</Filter>
    </ClInclude>
    <ClInclude Include="wxWidgets\include\wx\tooltip.h">
      <Filter>Third Party\wxWidgets\includes</Filter>
    </ClInclude>
    <ClInclude Include="wxWidgets\include\wx\toplevel.h">
      <Filter>Third Party\wxWidgets\includes</Filter>
    </ClInclude>
    <ClInclude Include="wxWidgets\include\wx\tracker.h">
      <Filter>Third Party\wxWidgets\includes</Filter>
    </ClInclude>
    <ClInclude Include="wxWidgets\include\wx\translation.h">
      <Filter>Third Party\wxWidgets\includes</Filter>
    </ClInclude>
    <ClInclude Include="wxWidgets\include\wx\treebase.h">
      <Filter>Third Party\wxWidgets\includes</Filter>
    </ClInclude>
    <ClInclude Include="wxWidgets\include\wx\treebook.h">
      <Filter>Third Party\wxWidgets\includes</Filter>
    </ClInclude>
    <ClInclude Include="wxWidgets\include\wx\treectrl.h">
      <Filter>Third Party\wxWidgets\includes</Filter>
    </ClInclude>
    <ClInclude Include="wxWidgets\include\wx\treelist.h">
      <Filter>Third Party\wxWidgets\includes</Filter>
    </ClInclude>
    <ClInclude Include="wxWidgets\include\wx\txtstrm.h">
      <Filter>Third Party\wxWidgets\includes</Filter>
    </ClInclude>
    <ClInclude Include="wxWidgets\include\wx\typeinfo.h">
      <Filter>Third Party\wxWidgets\includes</Filter>
    </ClInclude>
    <ClInclude Include="wxWidgets\include\wx\types.h">
      <Filter>Third Party\wxWidgets\includes</Filter>
    </ClInclude>
    <ClInclude Include="wxWidgets\include\wx\uiaction.h">
      <Filter>Third Party\wxWidgets\includes</Filter>
    </ClInclude>
    <ClInclude Include="wxWidgets\include\wx\unichar.h">
      <Filter>Third Party\wxWidgets\includes</Filter>
    </ClInclude>
    <ClInclude Include="wxWidgets\include\wx\uri.h">
      <Filter>Third Party\wxWidgets\includes</Filter>
    </ClInclude>
    <ClInclude Include="wxWidgets\include\wx\url.h">
      <Filter>Third Party\wxWidgets\includes</Filter>
    </ClInclude>
    <ClInclude Include="wxWidgets\include\wx\ustring.h">
      <Filter>Third Party\wxWidgets\includes</Filter>
    </ClInclude>
    <ClInclude Include="wxWidgets\include\wx\utils.h">
      <Filter>Third Party\wxWidgets\includes</Filter>
    </ClInclude>
    <ClInclude Include="wxWidgets\include\wx\valgen.h">
      <Filter>Third Party\wxWidgets\includes</Filter>
    </ClInclude>
    <ClInclude Include="wxWidgets\include\wx\validate.h">
      <Filter>Third Party\wxWidgets\includes</Filter>
    </ClInclude>
    <ClInclude Include="wxWidgets\include\wx\valnum.h">
      <Filter>Third Party\wxWidgets\includes</Filter>
    </ClInclude>
    <ClInclude Include="wxWidgets\include\wx\valtext.h">
      <Filter>Third Party\wxWidgets\includes</Filter>
    </ClInclude>
    <ClInclude Include="wxWidgets\include\wx\variant.h">
      <Filter>Third Party\wxWidgets\includes</Filter>
    </ClInclude>
    <ClInclude Include="wxWidgets\include\wx\variantbase.h">
      <Filter>Third Party\wxWidgets\includes</Filter>
    </ClInclude>
    <ClInclude Include="wxWidgets\include\wx\vector.h">
      <Filter>Third Party\wxWidgets\includes</Filter>
    </ClInclude>
    <ClInclude Include="wxWidgets\include\wx\version.h">
      <Filter>Third Party\wxWidgets\includes</Filter>
    </ClInclude>
    <ClInclude Include="wxWidgets\include\wx\versioninfo.h">
      <Filter>Third Party\wxWidgets\includes</Filter>
    </ClInclude>
    <ClInclude Include="wxWidgets\include\wx\vidmode.h">
      <Filter>Third Party\wxWidgets\includes</Filter>
    </ClInclude>
    <ClInclude Include="wxWidgets\include\wx\vlbox.h">
      <Filter>Third Party\wxWidgets\includes</Filter>
    </ClInclude>
    <ClInclude Include="wxWidgets\include\wx\vms_x_fix.h">
      <Filter>Third Party\wxWidgets\includes</Filter>
    </ClInclude>
    <ClInclude Include="wxWidgets\include\wx\volume.h">
      <Filter>Third Party\wxWidgets\includes</Filter>
    </ClInclude>
    <ClInclude Include="wxWidgets\include\wx\vscroll.h">
      <Filter>Third Party\wxWidgets\includes</Filter>
    </ClInclude>
    <ClInclude Include="wxWidgets\include\wx\weakref.h">
      <Filter>Third Party\wxWidgets\includes</Filter>
    </ClInclude>
    <ClInclude Include="wxWidgets\include\wx\webview.h">
      <Filter>Third Party\wxWidgets\includes</Filter>
    </ClInclude>
    <ClInclude Include="wxWidgets\include\wx\webviewarchivehandler.h">
      <Filter>Third Party\wxWidgets\includes</Filter>
    </ClInclude>
    <ClInclude Include="wxWidgets\include\wx\webviewfshandler.h">
      <Filter>Third Party\wxWidgets\includes</Filter>
    </ClInclude>
    <ClInclude Include="wxWidgets\include\wx\wfstream.h">
      <Filter>Third Party\wxWidgets\includes</Filter>
    </ClInclude>
    <ClInclude Include="wxWidgets\include\wx\window.h">
      <Filter>Third Party\wxWidgets\includes</Filter>
    </ClInclude>
    <ClInclude Include="wxWidgets\include\wx\windowid.h">
      <Filter>Third Party\wxWidgets\includes</Filter>
    </ClInclude>
    <ClInclude Include="wxWidgets\include\wx\withimages.h">
      <Filter>Third Party\wxWidgets\includes</Filter>
    </ClInclude>
    <ClInclude Include="wxWidgets\include\wx\wizard.h">
      <Filter>Third Party\wxWidgets\includes</Filter>
    </ClInclude>
    <ClInclude Include="wxWidgets\include\wx\wrapsizer.h">
      <Filter>Third Party\wxWidgets\includes</Filter>
    </ClInclude>
    <ClInclude Include="wxWidgets\include\wx\wupdlock.h">
      <Filter>Third Party\wxWidgets\includes</Filter>
    </ClInclude>
    <ClInclude Include="wxWidgets\include\wx\wx.h">
      <Filter>Third Party\wxWidgets\includes</Filter>
    </ClInclude>
    <ClInclude Include="wxWidgets\include\wx\wxchar.h">
      <Filter>Third Party\wxWidgets\includes</Filter>
    </ClInclude>
    <ClInclude Include="wxWidgets\include\wx\wxcrt.h">
      <Filter>Third Party\wxWidgets\includes</Filter>
    </ClInclude>
    <ClInclude Include="wxWidgets\include\wx\wxcrtbase.h">
      <Filter>Third Party\wxWidgets\includes</Filter>
    </ClInclude>
    <ClInclude Include="wxWidgets\include\wx\wxcrtvararg.h">
      <Filter>Third Party\wxWidgets\includes</Filter>
    </ClInclude>
    <ClInclude Include="wxWidgets\include\wx\wxhtml.h">
      <Filter>Third Party\wxWidgets\includes</Filter>
    </ClInclude>
    <ClInclude Include="wxWidgets\include\wx\wxprec.h">
      <Filter>Third Party\wxWidgets\includes</Filter>
    </ClInclude>
    <ClInclude Include="wxWidgets\include\wx\xlocale.h">
      <Filter>Third Party\wxWidgets\includes</Filter>
    </ClInclude>
    <ClInclude Include="wxWidgets\include\wx\xpmdecod.h">
      <Filter>Third Party\wxWidgets\includes</Filter>
    </ClInclude>
    <ClInclude Include="wxWidgets\include\wx\xpmhand.h">
      <Filter>Third Party\wxWidgets\includes</Filter>
    </ClInclude>
    <ClInclude Include="wxWidgets\include\wx\xti.h">
      <Filter>Third Party\wxWidgets\includes</Filter>
    </ClInclude>
    <ClInclude Include="wxWidgets\include\wx\xti2.h">
      <Filter>Third Party\wxWidgets\includes</Filter>
    </ClInclude>
    <ClInclude Include="wxWidgets\include\wx\xtictor.h">
      <Filter>Third Party\wxWidgets\includes</Filter>
    </ClInclude>
    <ClInclude Include="wxWidgets\include\wx\xtihandler.h">
      <Filter>Third Party\wxWidgets\includes</Filter>
    </ClInclude>
    <ClInclude Include="wxWidgets\include\wx\xtiprop.h">
      <Filter>Third Party\wxWidgets\includes</Filter>
    </ClInclude>
    <ClInclude Include="wxWidgets\include\wx\xtistrm.h">
      <Filter>Third Party\wxWidgets\includes</Filter>
    </ClInclude>
    <ClInclude Include="wxWidgets\include\wx\xtitypes.h">
      <Filter>Third Party\wxWidgets\includes</Filter>
    </ClInclude>
    <ClInclude Include="wxWidgets\include\wx\xtixml.h">
      <Filter>Third Party\wxWidgets\includes</Filter>
    </ClInclude>
    <ClInclude Include="wxWidgets\include\wx\zipstrm.h">
      <Filter>Third Party\wxWidgets\includes</Filter>
    </ClInclude>
    <ClInclude Include="wxWidgets\include\wx\zstream.h">
      <Filter>Third Party\wxWidgets\includes</Filter>
    </ClInclude>
    <ClInclude Include="src\IgorSqlite.h">
      <Filter>Igor</Filter>
    </ClInclude>
    <ClInclude Include="src\IgorUsers.h">
      <Filter>Igor</Filter>
    </ClInclude>
    <ClInclude Include="wxIgor\wxManageUsers.h">
      <Filter>wxIgor</Filter>
    </ClInclude>
    <ClInclude Include="src\IgorHttpSession.h">
      <Filter>Igor</Filter>
    </ClInclude>
    <ClInclude Include="src\Loaders\Dmp\dmpLoader.h">
      <Filter>Igor\Loaders\Dmp</Filter>
    </ClInclude>
    <ClInclude Include="src\IgorLLVM.h" />
    <ClInclude Include="src\cpu\x86_llvm\cpu_x86_llvm.h">
      <Filter>Igor\cpu\x86_llvm</Filter>
    </ClInclude>
  </ItemGroup>
  <ItemGroup>
    <CustomBuild Include="src\protobufs\IgorProtoFile.proto">
      <Filter>Igor\protobufs</Filter>
    </CustomBuild>
  </ItemGroup>
  <ItemGroup>
    <ResourceCompile Include="wxIgor\wxIgor.rc">
      <Filter>wxIgor\Resource Files</Filter>
    </ResourceCompile>
  </ItemGroup>
</Project>